// !$*UTF8*$!
{
	archiveVersion = 1;
	classes = {
	};
	objectVersion = 56;
	objects = {

/* Begin PBXBuildFile section */
		A101 /* MyHomeApp.swift in Sources */ = {isa = PBXBuildFile; fileRef = F101 /* MyHomeApp.swift */; };
		A102 /* RootView.swift in Sources */ = {isa = PBXBuildFile; fileRef = F102 /* RootView.swift */; };
		A103 /* Assets.xcassets in Resources */ = {isa = PBXBuildFile; fileRef = F103 /* Assets.xcassets */; };
		A104 /* PrivacyInfo.xcprivacy in Resources */ = {isa = PBXBuildFile; fileRef = F104 /* PrivacyInfo.xcprivacy */; };
		A111 /* SchemaV1.swift in Sources */ = {isa = PBXBuildFile; fileRef = F111 /* SchemaV1.swift */; };
		A112 /* MigrationPlan.swift in Sources */ = {isa = PBXBuildFile; fileRef = F112 /* MigrationPlan.swift */; };
		A117 /* SchemaV2.swift in Sources */ = {isa = PBXBuildFile; fileRef = F117 /* SchemaV2.swift */; };
		A119V3 /* SchemaV3.swift in Sources */ = {isa = PBXBuildFile; fileRef = F119V3 /* SchemaV3.swift */; };
		A120RV /* ReminderValueTypes.swift in Sources */ = {isa = PBXBuildFile; fileRef = F120RV /* ReminderValueTypes.swift */; };
		A133N /* Note.swift in Sources */ = {isa = PBXBuildFile; fileRef = F133N /* Note.swift */; };
		A134NB /* NoteBlock.swift in Sources */ = {isa = PBXBuildFile; fileRef = F134NB /* NoteBlock.swift */; };
		A113 /* Expense.swift in Sources */ = {isa = PBXBuildFile; fileRef = F113 /* Expense.swift */; };
		A118 /* Category.swift in Sources */ = {isa = PBXBuildFile; fileRef = F118 /* Category.swift */; };
		A114 /* ModelContainer+App.swift in Sources */ = {isa = PBXBuildFile; fileRef = F114 /* ModelContainer+App.swift */; };
		A115 /* Decimal+INR.swift in Sources */ = {isa = PBXBuildFile; fileRef = F115 /* Decimal+INR.swift */; };
		A116 /* Date+Display.swift in Sources */ = {isa = PBXBuildFile; fileRef = F116 /* Date+Display.swift */; };
		A121 /* DecimalKeypadView.swift in Sources */ = {isa = PBXBuildFile; fileRef = F121 /* DecimalKeypadView.swift */; };
		A122 /* AddExpenseView.swift in Sources */ = {isa = PBXBuildFile; fileRef = F122 /* AddExpenseView.swift */; };
		A123 /* ExpenseListView.swift in Sources */ = {isa = PBXBuildFile; fileRef = F123 /* ExpenseListView.swift */; };
		A124 /* ExpenseRow.swift in Sources */ = {isa = PBXBuildFile; fileRef = F124 /* ExpenseRow.swift */; };
		A125 /* EditExpenseView.swift in Sources */ = {isa = PBXBuildFile; fileRef = F125 /* EditExpenseView.swift */; };
		A126 /* CategoryPickerView.swift in Sources */ = {isa = PBXBuildFile; fileRef = F126 /* CategoryPickerView.swift */; };
		A201 /* ExpenseModelTests.swift in Sources */ = {isa = PBXBuildFile; fileRef = F201 /* ExpenseModelTests.swift */; };
		A202 /* MigrationTests.swift in Sources */ = {isa = PBXBuildFile; fileRef = F202 /* MigrationTests.swift */; };
		A203 /* MyHomeV1Seed.store in Resources */ = {isa = PBXBuildFile; fileRef = F203 /* MyHomeV1Seed.store */; };
		A204 /* CategorySeedTests.swift in Sources */ = {isa = PBXBuildFile; fileRef = F204 /* CategorySeedTests.swift */; };
		A205 /* CategoryCRUDTests.swift in Sources */ = {isa = PBXBuildFile; fileRef = F205 /* CategoryCRUDTests.swift */; };
		A206 /* ExpenseCategoryTests.swift in Sources */ = {isa = PBXBuildFile; fileRef = F206 /* ExpenseCategoryTests.swift */; };
		A207 /* BudgetModelTests.swift in Sources */ = {isa = PBXBuildFile; fileRef = F207 /* BudgetModelTests.swift */; };
		A119 /* BudgetCalculator.swift in Sources */ = {isa = PBXBuildFile; fileRef = F119 /* BudgetCalculator.swift */; };
		A208 /* BudgetCalculatorTests.swift in Sources */ = {isa = PBXBuildFile; fileRef = F208 /* BudgetCalculatorTests.swift */; };
		A127 /* BudgetProgressView.swift in Sources */ = {isa = PBXBuildFile; fileRef = F127 /* BudgetProgressView.swift */; };
		A128 /* BudgetCategoryCard.swift in Sources */ = {isa = PBXBuildFile; fileRef = F128 /* BudgetCategoryCard.swift */; };
		A129 /* EditBudgetSheet.swift in Sources */ = {isa = PBXBuildFile; fileRef = F129 /* EditBudgetSheet.swift */; };
		A130 /* ManageCategoriesView.swift in Sources */ = {isa = PBXBuildFile; fileRef = F130 /* ManageCategoriesView.swift */; };
		A131 /* FilteredExpenseListView.swift in Sources */ = {isa = PBXBuildFile; fileRef = F131 /* FilteredExpenseListView.swift */; };
		A132 /* BudgetsView.swift in Sources */ = {isa = PBXBuildFile; fileRef = F132 /* BudgetsView.swift */; };
		A140NCP /* NotificationCenterPort.swift in Sources */ = {isa = PBXBuildFile; fileRef = F140NCP /* NotificationCenterPort.swift */; };
		A141NS /* NotificationScheduler.swift in Sources */ = {isa = PBXBuildFile; fileRef = F141NS /* NotificationScheduler.swift */; };
		A301 /* SpyCenter.swift in Sources */ = {isa = PBXBuildFile; fileRef = F301 /* SpyCenter.swift */; };
		A302 /* NoteModelTests.swift in Sources */ = {isa = PBXBuildFile; fileRef = F302 /* NoteModelTests.swift */; };
		A303 /* NoteListOrderingTests.swift in Sources */ = {isa = PBXBuildFile; fileRef = F303 /* NoteListOrderingTests.swift */; };
		A304 /* NoteSearchTests.swift in Sources */ = {isa = PBXBuildFile; fileRef = F304 /* NoteSearchTests.swift */; };
		A305 /* AutoSaveTests.swift in Sources */ = {isa = PBXBuildFile; fileRef = F305 /* AutoSaveTests.swift */; };
		A306 /* NotificationSchedulerTests.swift in Sources */ = {isa = PBXBuildFile; fileRef = F306 /* NotificationSchedulerTests.swift */; };
		A307 /* RecurrenceTests.swift in Sources */ = {isa = PBXBuildFile; fileRef = F307 /* RecurrenceTests.swift */; };
		A308 /* CalendarAggregationTests.swift in Sources */ = {isa = PBXBuildFile; fileRef = F308 /* CalendarAggregationTests.swift */; };
		A310 /* MyHomeV2Seed.store in Resources */ = {isa = PBXBuildFile; fileRef = F310 /* MyHomeV2Seed.store */; };
/* End PBXBuildFile section */

/* Begin PBXFileReference section */
		F001 /* MyHome.app */ = {isa = PBXFileReference; explicitFileType = wrapper.application; includeInIndex = 0; path = MyHome.app; sourceTree = BUILT_PRODUCTS_DIR; };
		F002 /* MyHomeTests.xctest */ = {isa = PBXFileReference; explicitFileType = wrapper.cfbundle; includeInIndex = 0; path = MyHomeTests.xctest; sourceTree = BUILT_PRODUCTS_DIR; };
		F101 /* MyHomeApp.swift */ = {isa = PBXFileReference; lastKnownFileType = sourcecode.swift; path = MyHomeApp.swift; sourceTree = "<group>"; };
		F102 /* RootView.swift */ = {isa = PBXFileReference; lastKnownFileType = sourcecode.swift; path = RootView.swift; sourceTree = "<group>"; };
		F103 /* Assets.xcassets */ = {isa = PBXFileReference; lastKnownFileType = folder.assetcatalog; path = Assets.xcassets; sourceTree = "<group>"; };
		F104 /* PrivacyInfo.xcprivacy */ = {isa = PBXFileReference; lastKnownFileType = text.xml; path = PrivacyInfo.xcprivacy; sourceTree = "<group>"; };
		F105 /* Info.plist */ = {isa = PBXFileReference; lastKnownFileType = text.plist.xml; path = Info.plist; sourceTree = "<group>"; };
		F106 /* MyHome.entitlements */ = {isa = PBXFileReference; lastKnownFileType = text.plist.entitlements; path = MyHome.entitlements; sourceTree = "<group>"; };
		F111 /* SchemaV1.swift */ = {isa = PBXFileReference; lastKnownFileType = sourcecode.swift; path = SchemaV1.swift; sourceTree = "<group>"; };
		F112 /* MigrationPlan.swift */ = {isa = PBXFileReference; lastKnownFileType = sourcecode.swift; path = MigrationPlan.swift; sourceTree = "<group>"; };
		F117 /* SchemaV2.swift */ = {isa = PBXFileReference; lastKnownFileType = sourcecode.swift; path = SchemaV2.swift; sourceTree = "<group>"; };
		F119V3 /* SchemaV3.swift */ = {isa = PBXFileReference; lastKnownFileType = sourcecode.swift; path = SchemaV3.swift; sourceTree = "<group>"; };
		F120RV /* ReminderValueTypes.swift */ = {isa = PBXFileReference; lastKnownFileType = sourcecode.swift; path = ReminderValueTypes.swift; sourceTree = "<group>"; };
		F133N /* Note.swift */ = {isa = PBXFileReference; lastKnownFileType = sourcecode.swift; path = Note.swift; sourceTree = "<group>"; };
		F134NB /* NoteBlock.swift */ = {isa = PBXFileReference; lastKnownFileType = sourcecode.swift; path = NoteBlock.swift; sourceTree = "<group>"; };
		F113 /* Expense.swift */ = {isa = PBXFileReference; lastKnownFileType = sourcecode.swift; path = Expense.swift; sourceTree = "<group>"; };
		F118 /* Category.swift */ = {isa = PBXFileReference; lastKnownFileType = sourcecode.swift; path = Category.swift; sourceTree = "<group>"; };
		F114 /* ModelContainer+App.swift */ = {isa = PBXFileReference; lastKnownFileType = sourcecode.swift; path = "ModelContainer+App.swift"; sourceTree = "<group>"; };
		F115 /* Decimal+INR.swift */ = {isa = PBXFileReference; lastKnownFileType = sourcecode.swift; path = "Decimal+INR.swift"; sourceTree = "<group>"; };
		F116 /* Date+Display.swift */ = {isa = PBXFileReference; lastKnownFileType = sourcecode.swift; path = "Date+Display.swift"; sourceTree = "<group>"; };
		F121 /* DecimalKeypadView.swift */ = {isa = PBXFileReference; lastKnownFileType = sourcecode.swift; path = DecimalKeypadView.swift; sourceTree = "<group>"; };
		F122 /* AddExpenseView.swift */ = {isa = PBXFileReference; lastKnownFileType = sourcecode.swift; path = AddExpenseView.swift; sourceTree = "<group>"; };
		F123 /* ExpenseListView.swift */ = {isa = PBXFileReference; lastKnownFileType = sourcecode.swift; path = ExpenseListView.swift; sourceTree = "<group>"; };
		F124 /* ExpenseRow.swift */ = {isa = PBXFileReference; lastKnownFileType = sourcecode.swift; path = ExpenseRow.swift; sourceTree = "<group>"; };
		F125 /* EditExpenseView.swift */ = {isa = PBXFileReference; lastKnownFileType = sourcecode.swift; path = EditExpenseView.swift; sourceTree = "<group>"; };
		F126 /* CategoryPickerView.swift */ = {isa = PBXFileReference; lastKnownFileType = sourcecode.swift; path = CategoryPickerView.swift; sourceTree = "<group>"; };
		F201 /* ExpenseModelTests.swift */ = {isa = PBXFileReference; lastKnownFileType = sourcecode.swift; path = ExpenseModelTests.swift; sourceTree = "<group>"; };
		F202 /* MigrationTests.swift */ = {isa = PBXFileReference; lastKnownFileType = sourcecode.swift; path = MigrationTests.swift; sourceTree = "<group>"; };
		F203 /* MyHomeV1Seed.store */ = {isa = PBXFileReference; lastKnownFileType = "file"; path = MyHomeV1Seed.store; sourceTree = "<group>"; };
		F204 /* CategorySeedTests.swift */ = {isa = PBXFileReference; lastKnownFileType = sourcecode.swift; path = CategorySeedTests.swift; sourceTree = "<group>"; };
		F205 /* CategoryCRUDTests.swift */ = {isa = PBXFileReference; lastKnownFileType = sourcecode.swift; path = CategoryCRUDTests.swift; sourceTree = "<group>"; };
		F206 /* ExpenseCategoryTests.swift */ = {isa = PBXFileReference; lastKnownFileType = sourcecode.swift; path = ExpenseCategoryTests.swift; sourceTree = "<group>"; };
		F207 /* BudgetModelTests.swift */ = {isa = PBXFileReference; lastKnownFileType = sourcecode.swift; path = BudgetModelTests.swift; sourceTree = "<group>"; };
		F119 /* BudgetCalculator.swift */ = {isa = PBXFileReference; lastKnownFileType = sourcecode.swift; path = BudgetCalculator.swift; sourceTree = "<group>"; };
		F140NCP /* NotificationCenterPort.swift */ = {isa = PBXFileReference; lastKnownFileType = sourcecode.swift; path = NotificationCenterPort.swift; sourceTree = "<group>"; };
		F141NS /* NotificationScheduler.swift */ = {isa = PBXFileReference; lastKnownFileType = sourcecode.swift; path = NotificationScheduler.swift; sourceTree = "<group>"; };
		F208 /* BudgetCalculatorTests.swift */ = {isa = PBXFileReference; lastKnownFileType = sourcecode.swift; path = BudgetCalculatorTests.swift; sourceTree = "<group>"; };
		F127 /* BudgetProgressView.swift */ = {isa = PBXFileReference; lastKnownFileType = sourcecode.swift; path = BudgetProgressView.swift; sourceTree = "<group>"; };
		F128 /* BudgetCategoryCard.swift */ = {isa = PBXFileReference; lastKnownFileType = sourcecode.swift; path = BudgetCategoryCard.swift; sourceTree = "<group>"; };
		F129 /* EditBudgetSheet.swift */ = {isa = PBXFileReference; lastKnownFileType = sourcecode.swift; path = EditBudgetSheet.swift; sourceTree = "<group>"; };
		F130 /* ManageCategoriesView.swift */ = {isa = PBXFileReference; lastKnownFileType = sourcecode.swift; path = ManageCategoriesView.swift; sourceTree = "<group>"; };
		F131 /* FilteredExpenseListView.swift */ = {isa = PBXFileReference; lastKnownFileType = sourcecode.swift; path = FilteredExpenseListView.swift; sourceTree = "<group>"; };
		F132 /* BudgetsView.swift */ = {isa = PBXFileReference; lastKnownFileType = sourcecode.swift; path = BudgetsView.swift; sourceTree = "<group>"; };
		F301 /* SpyCenter.swift */ = {isa = PBXFileReference; lastKnownFileType = sourcecode.swift; path = SpyCenter.swift; sourceTree = "<group>"; };
		F302 /* NoteModelTests.swift */ = {isa = PBXFileReference; lastKnownFileType = sourcecode.swift; path = NoteModelTests.swift; sourceTree = "<group>"; };
		F303 /* NoteListOrderingTests.swift */ = {isa = PBXFileReference; lastKnownFileType = sourcecode.swift; path = NoteListOrderingTests.swift; sourceTree = "<group>"; };
		F304 /* NoteSearchTests.swift */ = {isa = PBXFileReference; lastKnownFileType = sourcecode.swift; path = NoteSearchTests.swift; sourceTree = "<group>"; };
		F305 /* AutoSaveTests.swift */ = {isa = PBXFileReference; lastKnownFileType = sourcecode.swift; path = AutoSaveTests.swift; sourceTree = "<group>"; };
		F306 /* NotificationSchedulerTests.swift */ = {isa = PBXFileReference; lastKnownFileType = sourcecode.swift; path = NotificationSchedulerTests.swift; sourceTree = "<group>"; };
		F307 /* RecurrenceTests.swift */ = {isa = PBXFileReference; lastKnownFileType = sourcecode.swift; path = RecurrenceTests.swift; sourceTree = "<group>"; };
		F308 /* CalendarAggregationTests.swift */ = {isa = PBXFileReference; lastKnownFileType = sourcecode.swift; path = CalendarAggregationTests.swift; sourceTree = "<group>"; };
		F310 /* MyHomeV2Seed.store */ = {isa = PBXFileReference; lastKnownFileType = "file"; path = MyHomeV2Seed.store; sourceTree = "<group>"; };
/* End PBXFileReference section */

/* Begin PBXFrameworksBuildPhase section */
		B001 /* Frameworks (app) */ = {
			isa = PBXFrameworksBuildPhase;
			buildActionMask = 2147483647;
			files = (
			);
			runOnlyForDeploymentPostprocessing = 0;
		};
		B002 /* Frameworks (tests) */ = {
			isa = PBXFrameworksBuildPhase;
			buildActionMask = 2147483647;
			files = (
			);
			runOnlyForDeploymentPostprocessing = 0;
		};
/* End PBXFrameworksBuildPhase section */

/* Begin PBXGroup section */
		G000 /* root */ = {
			isa = PBXGroup;
			children = (
				G100 /* MyHomeApp */,
				G200 /* MyHomeTests */,
				G900 /* Products */,
			);
			sourceTree = "<group>";
		};
		G900 /* Products */ = {
			isa = PBXGroup;
			children = (
				F001 /* MyHome.app */,
				F002 /* MyHomeTests.xctest */,
			);
			name = Products;
			sourceTree = "<group>";
		};
		G100 /* MyHomeApp */ = {
			isa = PBXGroup;
			children = (
				F101 /* MyHomeApp.swift */,
				F102 /* RootView.swift */,
				F106 /* MyHome.entitlements */,
				F105 /* Info.plist */,
				G110 /* Resources */,
				G120 /* Features */,
				G130 /* Persistence */,
				G140 /* Support */,
			);
			path = MyHomeApp;
			sourceTree = "<group>";
		};
		G110 /* Resources */ = {
			isa = PBXGroup;
			children = (
				F103 /* Assets.xcassets */,
				F104 /* PrivacyInfo.xcprivacy */,
			);
			path = Resources;
			sourceTree = "<group>";
		};
		G120 /* Features */ = {
			isa = PBXGroup;
			children = (
				G121 /* Expenses */,
				G122 /* Budgets */,
			);
			path = Features;
			sourceTree = "<group>";
		};
		G122 /* Budgets */ = {
			isa = PBXGroup;
			children = (
				F127 /* BudgetProgressView.swift */,
				F128 /* BudgetCategoryCard.swift */,
				F129 /* EditBudgetSheet.swift */,
				F130 /* ManageCategoriesView.swift */,
				F131 /* FilteredExpenseListView.swift */,
				F132 /* BudgetsView.swift */,
			);
			path = Budgets;
			sourceTree = "<group>";
		};
		G121 /* Expenses */ = {
			isa = PBXGroup;
			children = (
				F121 /* DecimalKeypadView.swift */,
				F122 /* AddExpenseView.swift */,
				F123 /* ExpenseListView.swift */,
				F124 /* ExpenseRow.swift */,
				F125 /* EditExpenseView.swift */,
				F126 /* CategoryPickerView.swift */,
			);
			path = Expenses;
			sourceTree = "<group>";
		};
		G130 /* Persistence */ = {
			isa = PBXGroup;
			children = (
				F114 /* ModelContainer+App.swift */,
				G131 /* Schema */,
				G132 /* Models */,
			);
			path = Persistence;
			sourceTree = "<group>";
		};
		G140 /* Support */ = {
			isa = PBXGroup;
			children = (
				F115 /* Decimal+INR.swift */,
				F116 /* Date+Display.swift */,
				F119 /* BudgetCalculator.swift */,
				F140NCP /* NotificationCenterPort.swift */,
				F141NS /* NotificationScheduler.swift */,
			);
			path = Support;
			sourceTree = "<group>";
		};
		G131 /* Schema */ = {
			isa = PBXGroup;
			children = (
				F111 /* SchemaV1.swift */,
				F112 /* MigrationPlan.swift */,
				F117 /* SchemaV2.swift */,
				F119V3 /* SchemaV3.swift */,
			);
			path = Schema;
			sourceTree = "<group>";
		};
		G132 /* Models */ = {
			isa = PBXGroup;
			children = (
				F113 /* Expense.swift */,
				F118 /* Category.swift */,
				F120RV /* ReminderValueTypes.swift */,
				F133N /* Note.swift */,
				F134NB /* NoteBlock.swift */,
			);
			path = Models;
			sourceTree = "<group>";
		};
		G200 /* MyHomeTests */ = {
			isa = PBXGroup;
			children = (
				F201 /* ExpenseModelTests.swift */,
				F202 /* MigrationTests.swift */,
				F204 /* CategorySeedTests.swift */,
				F205 /* CategoryCRUDTests.swift */,
				F206 /* ExpenseCategoryTests.swift */,
				F207 /* BudgetModelTests.swift */,
				F208 /* BudgetCalculatorTests.swift */,
				F302 /* NoteModelTests.swift */,
				F303 /* NoteListOrderingTests.swift */,
				F304 /* NoteSearchTests.swift */,
				F305 /* AutoSaveTests.swift */,
				F306 /* NotificationSchedulerTests.swift */,
				F307 /* RecurrenceTests.swift */,
				F308 /* CalendarAggregationTests.swift */,
				G210 /* Resources */,
				G220 /* Support */,
			);
			path = MyHomeTests;
			sourceTree = "<group>";
		};
		G220 /* Support */ = {
			isa = PBXGroup;
			children = (
				F301 /* SpyCenter.swift */,
			);
			path = Support;
			sourceTree = "<group>";
		};
		G210 /* Resources */ = {
			isa = PBXGroup;
			children = (
				F203 /* MyHomeV1Seed.store */,
				F310 /* MyHomeV2Seed.store */,
			);
			path = Resources;
			sourceTree = "<group>";
		};
/* End PBXGroup section */

/* Begin PBXNativeTarget section */
		T001 /* MyHome */ = {
			isa = PBXNativeTarget;
			buildConfigurationList = XC001 /* Build configuration list for PBXNativeTarget "MyHome" */;
			buildPhases = (
				P001 /* Sources */,
				B001 /* Frameworks */,
				P002 /* Resources */,
			);
			buildRules = (
			);
			dependencies = (
			);
			name = MyHome;
			packageProductDependencies = (
			);
			productName = MyHome;
			productReference = F001 /* MyHome.app */;
			productType = "com.apple.product-type.application";
		};
		T002 /* MyHomeTests */ = {
			isa = PBXNativeTarget;
			buildConfigurationList = XC002 /* Build configuration list for PBXNativeTarget "MyHomeTests" */;
			buildPhases = (
				P003 /* Sources */,
				B002 /* Frameworks */,
				P004 /* Resources */,
			);
			buildRules = (
			);
			dependencies = (
				D001 /* PBXTargetDependency */,
			);
			name = MyHomeTests;
			packageProductDependencies = (
			);
			productName = MyHomeTests;
			productReference = F002 /* MyHomeTests.xctest */;
			productType = "com.apple.product-type.bundle.unit-test";
		};
/* End PBXNativeTarget section */

/* Begin PBXProject section */
		PROJ /* Project object */ = {
			isa = PBXProject;
			attributes = {
				BuildIndependentTargetsInParallel = 1;
				LastSwiftUpdateCheck = 1600;
				LastUpgradeCheck = 1600;
				TargetAttributes = {
					T001 = {
						CreatedOnToolsVersion = 16.0;
					};
					T002 = {
						CreatedOnToolsVersion = 16.0;
						TestTargetID = T001;
					};
				};
			};
			buildConfigurationList = XC000 /* Build configuration list for PBXProject "MyHome" */;
			compatibilityVersion = "Xcode 14.0";
			developmentRegion = en;
			hasScannedForEncodings = 0;
			knownRegions = (
				en,
				Base,
			);
			mainGroup = G000;
			packageReferences = (
			);
			productRefGroup = G900 /* Products */;
			projectDirPath = "";
			projectRoot = "";
			targets = (
				T001 /* MyHome */,
				T002 /* MyHomeTests */,
			);
		};
/* End PBXProject section */

/* Begin PBXResourcesBuildPhase section */
		P002 /* Resources (app) */ = {
			isa = PBXResourcesBuildPhase;
			buildActionMask = 2147483647;
			files = (
				A103 /* Assets.xcassets in Resources */,
				A104 /* PrivacyInfo.xcprivacy in Resources */,
			);
			runOnlyForDeploymentPostprocessing = 0;
		};
		P004 /* Resources (tests) */ = {
			isa = PBXResourcesBuildPhase;
			buildActionMask = 2147483647;
			files = (
				A203 /* MyHomeV1Seed.store in Resources */,
				A310 /* MyHomeV2Seed.store in Resources */,
			);
			runOnlyForDeploymentPostprocessing = 0;
		};
/* End PBXResourcesBuildPhase section */

/* Begin PBXSourcesBuildPhase section */
		P001 /* Sources (app) */ = {
			isa = PBXSourcesBuildPhase;
			buildActionMask = 2147483647;
			files = (
				A101 /* MyHomeApp.swift in Sources */,
				A102 /* RootView.swift in Sources */,
				A111 /* SchemaV1.swift in Sources */,
				A112 /* MigrationPlan.swift in Sources */,
				A117 /* SchemaV2.swift in Sources */,
				A119V3 /* SchemaV3.swift in Sources */,
				A120RV /* ReminderValueTypes.swift in Sources */,
				A133N /* Note.swift in Sources */,
				A134NB /* NoteBlock.swift in Sources */,
				A113 /* Expense.swift in Sources */,
				A118 /* Category.swift in Sources */,
				A114 /* ModelContainer+App.swift in Sources */,
				A115 /* Decimal+INR.swift in Sources */,
				A116 /* Date+Display.swift in Sources */,
				A121 /* DecimalKeypadView.swift in Sources */,
				A122 /* AddExpenseView.swift in Sources */,
				A123 /* ExpenseListView.swift in Sources */,
				A124 /* ExpenseRow.swift in Sources */,
				A125 /* EditExpenseView.swift in Sources */,
				A126 /* CategoryPickerView.swift in Sources */,
				A119 /* BudgetCalculator.swift in Sources */,
				A140NCP /* NotificationCenterPort.swift in Sources */,
				A141NS /* NotificationScheduler.swift in Sources */,
				A127 /* BudgetProgressView.swift in Sources */,
				A128 /* BudgetCategoryCard.swift in Sources */,
				A129 /* EditBudgetSheet.swift in Sources */,
				A130 /* ManageCategoriesView.swift in Sources */,
				A131 /* FilteredExpenseListView.swift in Sources */,
				A132 /* BudgetsView.swift in Sources */,
			);
			runOnlyForDeploymentPostprocessing = 0;
		};
		P003 /* Sources (tests) */ = {
			isa = PBXSourcesBuildPhase;
			buildActionMask = 2147483647;
			files = (
				A201 /* ExpenseModelTests.swift in Sources */,
				A202 /* MigrationTests.swift in Sources */,
				A204 /* CategorySeedTests.swift in Sources */,
				A205 /* CategoryCRUDTests.swift in Sources */,
				A206 /* ExpenseCategoryTests.swift in Sources */,
				A207 /* BudgetModelTests.swift in Sources */,
				A208 /* BudgetCalculatorTests.swift in Sources */,
				A301 /* SpyCenter.swift in Sources */,
				A302 /* NoteModelTests.swift in Sources */,
				A303 /* NoteListOrderingTests.swift in Sources */,
				A304 /* NoteSearchTests.swift in Sources */,
				A305 /* AutoSaveTests.swift in Sources */,
				A306 /* NotificationSchedulerTests.swift in Sources */,
				A307 /* RecurrenceTests.swift in Sources */,
				A308 /* CalendarAggregationTests.swift in Sources */,
			);
			runOnlyForDeploymentPostprocessing = 0;
		};
/* End PBXSourcesBuildPhase section */

/* Begin PBXTargetDependency section */
		D001 /* PBXTargetDependency */ = {
			isa = PBXTargetDependency;
			target = T001 /* MyHome */;
			targetProxy = D001P /* PBXContainerItemProxy */;
		};
		D001P /* PBXContainerItemProxy */ = {
			isa = PBXContainerItemProxy;
			containerPortal = PROJ /* Project object */;
			proxyType = 1;
			remoteGlobalIDString = T001;
			remoteInfo = MyHome;
		};
/* End PBXTargetDependency section */

/* Begin XCBuildConfiguration section */
		C001 /* Debug (project) */ = {
			isa = XCBuildConfiguration;
			buildSettings = {
				ALWAYS_SEARCH_USER_PATHS = NO;
				ASSETCATALOG_COMPILER_GENERATE_SWIFT_ASSET_SYMBOL_EXTENSIONS = YES;
				CLANG_ANALYZER_NONNULL = YES;
				CLANG_ANALYZER_NUMBER_OBJECT_CONVERSION = YES_AGGRESSIVE;
				CLANG_CXX_LANGUAGE_STANDARD = "gnu++20";
				CLANG_ENABLE_MODULES = YES;
				CLANG_ENABLE_OBJC_ARC = YES;
				CLANG_ENABLE_OBJC_WEAK = YES;
				CLANG_WARN_BLOCK_CAPTURE_AUTORELEASING = YES;
				CLANG_WARN_BOOL_CONVERSION = YES;
				CLANG_WARN_COMMA = YES;
				CLANG_WARN_CONSTANT_CONVERSION = YES;
				CLANG_WARN_DEPRECATED_OBJC_IMPLEMENTATIONS = YES;
				CLANG_WARN_DIRECT_OBJC_ISA_USAGE = YES_ERROR;
				CLANG_WARN_DOCUMENTATION_COMMENTS = YES;
				CLANG_WARN_EMPTY_BODY = YES;
				CLANG_WARN_ENUM_CONVERSION = YES;
				CLANG_WARN_INFINITE_RECURSION = YES;
				CLANG_WARN_INT_CONVERSION = YES;
				CLANG_WARN_NON_LITERAL_NULL_CONVERSION = YES;
				CLANG_WARN_OBJC_IMPLICIT_RETAIN_SELF = YES;
				CLANG_WARN_OBJC_LITERAL_CONVERSION = YES;
				CLANG_WARN_OBJC_ROOT_CLASS = YES_ERROR;
				CLANG_WARN_QUOTED_INCLUDE_IN_FRAMEWORK_HEADER = YES;
				CLANG_WARN_RANGE_LOOP_ANALYSIS = YES;
				CLANG_WARN_STRICT_PROTOTYPES = YES;
				CLANG_WARN_SUSPICIOUS_MOVE = YES;
				CLANG_WARN_UNGUARDED_AVAILABILITY = YES_AGGRESSIVE;
				CLANG_WARN_UNREACHABLE_CODE = YES;
				CLANG_WARN__DUPLICATE_METHOD_MATCH = YES;
				COPY_PHASE_STRIP = NO;
				DEBUG_INFORMATION_FORMAT = dwarf;
				ENABLE_STRICT_OBJC_MSGSEND = YES;
				ENABLE_TESTABILITY = YES;
				ENABLE_USER_SCRIPT_SANDBOXING = YES;
				GCC_C_LANGUAGE_STANDARD = gnu17;
				GCC_DYNAMIC_NO_PIC = NO;
				GCC_NO_COMMON_BLOCKS = YES;
				GCC_OPTIMIZATION_LEVEL = 0;
				GCC_PREPROCESSOR_DEFINITIONS = (
					"DEBUG=1",
					"$(inherited)",
				);
				GCC_WARN_64_TO_32_BIT_CONVERSION = YES;
				GCC_WARN_ABOUT_RETURN_TYPE = YES_ERROR;
				GCC_WARN_UNDECLARED_SELECTOR = YES;
				GCC_WARN_UNINITIALIZED_AUTOS = YES_AGGRESSIVE;
				GCC_WARN_UNUSED_FUNCTION = YES;
				GCC_WARN_UNUSED_VARIABLE = YES;
				IPHONEOS_DEPLOYMENT_TARGET = 17.0;
				LOCALIZATION_PREFERS_STRING_CATALOGS = YES;
				MTL_ENABLE_DEBUG_INFO = INCLUDE_SOURCE;
				MTL_FAST_MATH = YES;
				ONLY_ACTIVE_ARCH = YES;
				SDKROOT = iphoneos;
				SWIFT_ACTIVE_COMPILATION_CONDITIONS = "DEBUG $(inherited)";
				SWIFT_OPTIMIZATION_LEVEL = "-Onone";
				SWIFT_STRICT_CONCURRENCY = complete;
				SWIFT_VERSION = 6.0;
			};
			name = Debug;
		};
		C002 /* Release (project) */ = {
			isa = XCBuildConfiguration;
			buildSettings = {
				ALWAYS_SEARCH_USER_PATHS = NO;
				ASSETCATALOG_COMPILER_GENERATE_SWIFT_ASSET_SYMBOL_EXTENSIONS = YES;
				CLANG_ANALYZER_NONNULL = YES;
				CLANG_ANALYZER_NUMBER_OBJECT_CONVERSION = YES_AGGRESSIVE;
				CLANG_CXX_LANGUAGE_STANDARD = "gnu++20";
				CLANG_ENABLE_MODULES = YES;
				CLANG_ENABLE_OBJC_ARC = YES;
				CLANG_ENABLE_OBJC_WEAK = YES;
				CLANG_WARN_BLOCK_CAPTURE_AUTORELEASING = YES;
				CLANG_WARN_BOOL_CONVERSION = YES;
				CLANG_WARN_COMMA = YES;
				CLANG_WARN_CONSTANT_CONVERSION = YES;
				CLANG_WARN_DEPRECATED_OBJC_IMPLEMENTATIONS = YES;
				CLANG_WARN_DIRECT_OBJC_ISA_USAGE = YES_ERROR;
				CLANG_WARN_DOCUMENTATION_COMMENTS = YES;
				CLANG_WARN_EMPTY_BODY = YES;
				CLANG_WARN_ENUM_CONVERSION = YES;
				CLANG_WARN_INFINITE_RECURSION = YES;
				CLANG_WARN_INT_CONVERSION = YES;
				CLANG_WARN_NON_LITERAL_NULL_CONVERSION = YES;
				CLANG_WARN_OBJC_IMPLICIT_RETAIN_SELF = YES;
				CLANG_WARN_OBJC_LITERAL_CONVERSION = YES;
				CLANG_WARN_OBJC_ROOT_CLASS = YES_ERROR;
				CLANG_WARN_QUOTED_INCLUDE_IN_FRAMEWORK_HEADER = YES;
				CLANG_WARN_RANGE_LOOP_ANALYSIS = YES;
				CLANG_WARN_STRICT_PROTOTYPES = YES;
				CLANG_WARN_SUSPICIOUS_MOVE = YES;
				CLANG_WARN_UNGUARDED_AVAILABILITY = YES_AGGRESSIVE;
				CLANG_WARN_UNREACHABLE_CODE = YES;
				CLANG_WARN__DUPLICATE_METHOD_MATCH = YES;
				COPY_PHASE_STRIP = NO;
				DEBUG_INFORMATION_FORMAT = "dwarf-with-dsym";
				ENABLE_NS_ASSERTIONS = NO;
				ENABLE_STRICT_OBJC_MSGSEND = YES;
				ENABLE_USER_SCRIPT_SANDBOXING = YES;
				GCC_C_LANGUAGE_STANDARD = gnu17;
				GCC_NO_COMMON_BLOCKS = YES;
				GCC_WARN_64_TO_32_BIT_CONVERSION = YES;
				GCC_WARN_ABOUT_RETURN_TYPE = YES_ERROR;
				GCC_WARN_UNDECLARED_SELECTOR = YES;
				GCC_WARN_UNINITIALIZED_AUTOS = YES_AGGRESSIVE;
				GCC_WARN_UNUSED_FUNCTION = YES;
				GCC_WARN_UNUSED_VARIABLE = YES;
				IPHONEOS_DEPLOYMENT_TARGET = 17.0;
				LOCALIZATION_PREFERS_STRING_CATALOGS = YES;
				MTL_FAST_MATH = YES;
				SDKROOT = iphoneos;
				SWIFT_COMPILATION_MODE = wholemodule;
				SWIFT_STRICT_CONCURRENCY = complete;
				SWIFT_VERSION = 6.0;
				VALIDATE_PRODUCT = YES;
			};
			name = Release;
		};
		C003 /* Debug (MyHome target) */ = {
			isa = XCBuildConfiguration;
			buildSettings = {
				ASSETCATALOG_COMPILER_APPICON_NAME = AppIcon;
				ASSETCATALOG_COMPILER_GLOBAL_ACCENT_COLOR_NAME = AccentColor;
				CODE_SIGN_ENTITLEMENTS = MyHomeApp/MyHome.entitlements;
				CODE_SIGN_STYLE = Automatic;
				CURRENT_PROJECT_VERSION = 1;
				DEVELOPMENT_ASSET_PATHS = "";
				ENABLE_PREVIEWS = YES;
				GENERATE_INFOPLIST_FILE = NO;
				INFOPLIST_FILE = MyHomeApp/Info.plist;
				INFOPLIST_KEY_UIApplicationSceneManifest_Generation = YES;
				INFOPLIST_KEY_UIApplicationSupportsIndirectInputEvents = YES;
				INFOPLIST_KEY_UILaunchScreen_Generation = YES;
				INFOPLIST_KEY_UISupportedInterfaceOrientations_iPad = "UIInterfaceOrientationPortrait UIInterfaceOrientationPortraitUpsideDown UIInterfaceOrientationLandscapeLeft UIInterfaceOrientationLandscapeRight";
				INFOPLIST_KEY_UISupportedInterfaceOrientations_iPhone = "UIInterfaceOrientationPortrait UIInterfaceOrientationLandscapeLeft UIInterfaceOrientationLandscapeRight";
				IPHONEOS_DEPLOYMENT_TARGET = 17.0;
				LD_RUNPATH_SEARCH_PATHS = (
					"$(inherited)",
					"@executable_path/Frameworks",
				);
				MARKETING_VERSION = 1.0;
				PRODUCT_BUNDLE_IDENTIFIER = com.reojacob.myhome;
				PRODUCT_NAME = "$(TARGET_NAME)";
				SWIFT_EMIT_LOC_STRINGS = YES;
				SWIFT_STRICT_CONCURRENCY = complete;
				SWIFT_VERSION = 6.0;
				TARGETED_DEVICE_FAMILY = "1,2";
			};
			name = Debug;
		};
		C004 /* Release (MyHome target) */ = {
			isa = XCBuildConfiguration;
			buildSettings = {
				ASSETCATALOG_COMPILER_APPICON_NAME = AppIcon;
				ASSETCATALOG_COMPILER_GLOBAL_ACCENT_COLOR_NAME = AccentColor;
				CODE_SIGN_ENTITLEMENTS = MyHomeApp/MyHome.entitlements;
				CODE_SIGN_STYLE = Automatic;
				CURRENT_PROJECT_VERSION = 1;
				DEVELOPMENT_ASSET_PATHS = "";
				ENABLE_PREVIEWS = YES;
				GENERATE_INFOPLIST_FILE = NO;
				INFOPLIST_FILE = MyHomeApp/Info.plist;
				INFOPLIST_KEY_UIApplicationSceneManifest_Generation = YES;
				INFOPLIST_KEY_UIApplicationSupportsIndirectInputEvents = YES;
				INFOPLIST_KEY_UILaunchScreen_Generation = YES;
				INFOPLIST_KEY_UISupportedInterfaceOrientations_iPad = "UIInterfaceOrientationPortrait UIInterfaceOrientationPortraitUpsideDown UIInterfaceOrientationLandscapeLeft UIInterfaceOrientationLandscapeRight";
				INFOPLIST_KEY_UISupportedInterfaceOrientations_iPhone = "UIInterfaceOrientationPortrait UIInterfaceOrientationLandscapeLeft UIInterfaceOrientationLandscapeRight";
				IPHONEOS_DEPLOYMENT_TARGET = 17.0;
				LD_RUNPATH_SEARCH_PATHS = (
					"$(inherited)",
					"@executable_path/Frameworks",
				);
				MARKETING_VERSION = 1.0;
				PRODUCT_BUNDLE_IDENTIFIER = com.reojacob.myhome;
				PRODUCT_NAME = "$(TARGET_NAME)";
				SWIFT_EMIT_LOC_STRINGS = YES;
				SWIFT_STRICT_CONCURRENCY = complete;
				SWIFT_VERSION = 6.0;
				TARGETED_DEVICE_FAMILY = "1,2";
			};
			name = Release;
		};
		C005 /* Debug (MyHomeTests target) */ = {
			isa = XCBuildConfiguration;
			buildSettings = {
				BUNDLE_LOADER = "$(TEST_HOST)";
				CODE_SIGN_STYLE = Automatic;
				CURRENT_PROJECT_VERSION = 1;
				GENERATE_INFOPLIST_FILE = YES;
				IPHONEOS_DEPLOYMENT_TARGET = 17.0;
				MARKETING_VERSION = 1.0;
				PRODUCT_BUNDLE_IDENTIFIER = com.reojacob.myhome.tests;
				PRODUCT_NAME = "$(TARGET_NAME)";
				SWIFT_EMIT_LOC_STRINGS = NO;
				SWIFT_STRICT_CONCURRENCY = complete;
				SWIFT_VERSION = 6.0;
				TARGETED_DEVICE_FAMILY = "1,2";
				TEST_HOST = "$(BUILT_PRODUCTS_DIR)/MyHome.app/$(BUNDLE_EXECUTABLE_FOLDER_PATH)/MyHome";
			};
			name = Debug;
		};
		C006 /* Release (MyHomeTests target) */ = {
			isa = XCBuildConfiguration;
			buildSettings = {
				BUNDLE_LOADER = "$(TEST_HOST)";
				CODE_SIGN_STYLE = Automatic;
				CURRENT_PROJECT_VERSION = 1;
				GENERATE_INFOPLIST_FILE = YES;
				IPHONEOS_DEPLOYMENT_TARGET = 17.0;
				MARKETING_VERSION = 1.0;
				PRODUCT_BUNDLE_IDENTIFIER = com.reojacob.myhome.tests;
				PRODUCT_NAME = "$(TARGET_NAME)";
				SWIFT_EMIT_LOC_STRINGS = NO;
				SWIFT_STRICT_CONCURRENCY = complete;
				SWIFT_VERSION = 6.0;
				TARGETED_DEVICE_FAMILY = "1,2";
				TEST_HOST = "$(BUILT_PRODUCTS_DIR)/MyHome.app/$(BUNDLE_EXECUTABLE_FOLDER_PATH)/MyHome";
			};
			name = Release;
		};
/* End XCBuildConfiguration section */

/* Begin XCConfigurationList section */
		XC000 /* Build configuration list for PBXProject "MyHome" */ = {
			isa = XCConfigurationList;
			buildConfigurations = (
				C001 /* Debug */,
				C002 /* Release */,
			);
			defaultConfigurationIsVisible = 0;
			defaultConfigurationName = Release;
		};
		XC001 /* Build configuration list for PBXNativeTarget "MyHome" */ = {
			isa = XCConfigurationList;
			buildConfigurations = (
				C003 /* Debug */,
				C004 /* Release */,
			);
			defaultConfigurationIsVisible = 0;
			defaultConfigurationName = Release;
		};
		XC002 /* Build configuration list for PBXNativeTarget "MyHomeTests" */ = {
			isa = XCConfigurationList;
			buildConfigurations = (
				C005 /* Debug */,
				C006 /* Release */,
			);
			defaultConfigurationIsVisible = 0;
			defaultConfigurationName = Release;
		};
/* End XCConfigurationList section */

	};
	rootObject = PROJ /* Project object */;
}
