// !$*UTF8*$!
{
	archiveVersion = 1;
	classes = {
	};
	objectVersion = 56;
	objects = {

/* Begin PBXBuildFile section */
		A101 /* MyHomeApp.swift in Sources */ = {isa = PBXBuildFile; fileRef = F101 /* MyHomeApp.swift */; };
		A102 /* RootView.swift in Sources */ = {isa = PBXBuildFile; fileRef = F102 /* RootView.swift */; };
		A103 /* Assets.xcassets in Resources */ = {isa = PBXBuildFile; fileRef = F103 /* Assets.xcassets */; };
		A104 /* PrivacyInfo.xcprivacy in Resources */ = {isa = PBXBuildFile; fileRef = F104 /* PrivacyInfo.xcprivacy */; };
		A111 /* SchemaV1.swift in Sources */ = {isa = PBXBuildFile; fileRef = F111 /* SchemaV1.swift */; };
		A112 /* MigrationPlan.swift in Sources */ = {isa = PBXBuildFile; fileRef = F112 /* MigrationPlan.swift */; };
		A113 /* Expense.swift in Sources */ = {isa = PBXBuildFile; fileRef = F113 /* Expense.swift */; };
		A114 /* ModelContainer+App.swift in Sources */ = {isa = PBXBuildFile; fileRef = F114 /* ModelContainer+App.swift */; };
		A115 /* Decimal+INR.swift in Sources */ = {isa = PBXBuildFile; fileRef = F115 /* Decimal+INR.swift */; };
		A116 /* Date+Display.swift in Sources */ = {isa = PBXBuildFile; fileRef = F116 /* Date+Display.swift */; };
		A117 /* SchemaV2.swift in Sources */ = {isa = PBXBuildFile; fileRef = F117 /* SchemaV2.swift */; };
		A118 /* Category.swift in Sources */ = {isa = PBXBuildFile; fileRef = F118 /* Category.swift */; };
		A119 /* BudgetCalculator.swift in Sources */ = {isa = PBXBuildFile; fileRef = F119 /* BudgetCalculator.swift */; };
		A119V3 /* SchemaV3.swift in Sources */ = {isa = PBXBuildFile; fileRef = F119V3 /* SchemaV3.swift */; };
		A120RV /* ReminderValueTypes.swift in Sources */ = {isa = PBXBuildFile; fileRef = F120RV /* ReminderValueTypes.swift */; };
		A121 /* DecimalKeypadView.swift in Sources */ = {isa = PBXBuildFile; fileRef = F121 /* DecimalKeypadView.swift */; };
		A122 /* AddExpenseView.swift in Sources */ = {isa = PBXBuildFile; fileRef = F122 /* AddExpenseView.swift */; };
		A123 /* ExpenseListView.swift in Sources */ = {isa = PBXBuildFile; fileRef = F123 /* ExpenseListView.swift */; };
		A124 /* ExpenseRow.swift in Sources */ = {isa = PBXBuildFile; fileRef = F124 /* ExpenseRow.swift */; };
		A125 /* EditExpenseView.swift in Sources */ = {isa = PBXBuildFile; fileRef = F125 /* EditExpenseView.swift */; };
		A126 /* CategoryPickerView.swift in Sources */ = {isa = PBXBuildFile; fileRef = F126 /* CategoryPickerView.swift */; };
		A903APV /* AccountPickerView.swift in Sources */ = {isa = PBXBuildFile; fileRef = F903APV /* AccountPickerView.swift */; };
		A127 /* BudgetProgressView.swift in Sources */ = {isa = PBXBuildFile; fileRef = F127 /* BudgetProgressView.swift */; };
		A128 /* BudgetCategoryCard.swift in Sources */ = {isa = PBXBuildFile; fileRef = F128 /* BudgetCategoryCard.swift */; };
		A129 /* EditBudgetSheet.swift in Sources */ = {isa = PBXBuildFile; fileRef = F129 /* EditBudgetSheet.swift */; };
		A130 /* ManageCategoriesView.swift in Sources */ = {isa = PBXBuildFile; fileRef = F130 /* ManageCategoriesView.swift */; };
		A131 /* FilteredExpenseListView.swift in Sources */ = {isa = PBXBuildFile; fileRef = F131 /* FilteredExpenseListView.swift */; };
		A132 /* BudgetsView.swift in Sources */ = {isa = PBXBuildFile; fileRef = F132 /* BudgetsView.swift */; };
		A133N /* Note.swift in Sources */ = {isa = PBXBuildFile; fileRef = F133N /* Note.swift */; };
		A134NB /* NoteBlock.swift in Sources */ = {isa = PBXBuildFile; fileRef = F134NB /* NoteBlock.swift */; };
		A140NCP /* NotificationCenterPort.swift in Sources */ = {isa = PBXBuildFile; fileRef = F140NCP /* NotificationCenterPort.swift */; };
		A141NS /* NotificationScheduler.swift in Sources */ = {isa = PBXBuildFile; fileRef = F141NS /* NotificationScheduler.swift */; };
		A142NLO /* NoteListOrganizer.swift in Sources */ = {isa = PBXBuildFile; fileRef = F142NLO /* NoteListOrganizer.swift */; };
		A143NSF /* NoteSearchFilter.swift in Sources */ = {isa = PBXBuildFile; fileRef = F143NSF /* NoteSearchFilter.swift */; };
		A144CA /* CalendarAggregator.swift in Sources */ = {isa = PBXBuildFile; fileRef = F144CA /* CalendarAggregator.swift */; };
		A145NA /* NotificationActions.swift in Sources */ = {isa = PBXBuildFile; fileRef = F145NA /* NotificationActions.swift */; };
		A151NHV /* NotesHomeView.swift in Sources */ = {isa = PBXBuildFile; fileRef = F151NHV /* NotesHomeView.swift */; };
		A152NLV /* NotesListView.swift in Sources */ = {isa = PBXBuildFile; fileRef = F152NLV /* NotesListView.swift */; };
		A153NRW /* NoteRow.swift in Sources */ = {isa = PBXBuildFile; fileRef = F153NRW /* NoteRow.swift */; };
		A154ANV /* AddNoteView.swift in Sources */ = {isa = PBXBuildFile; fileRef = F154ANV /* AddNoteView.swift */; };
		A155ENV /* EditNoteView.swift in Sources */ = {isa = PBXBuildFile; fileRef = F155ENV /* EditNoteView.swift */; };
		A156REV /* ReminderEditView.swift in Sources */ = {isa = PBXBuildFile; fileRef = F156REV /* ReminderEditView.swift */; };
		A157CV /* CalendarView.swift in Sources */ = {isa = PBXBuildFile; fileRef = F157CV /* CalendarView.swift */; };
		A158RRS /* RoutineResetService.swift in Sources */ = {isa = PBXBuildFile; fileRef = F158RRS /* RoutineResetService.swift */; };
		A201 /* ExpenseModelTests.swift in Sources */ = {isa = PBXBuildFile; fileRef = F201 /* ExpenseModelTests.swift */; };
		A202 /* MigrationTests.swift in Sources */ = {isa = PBXBuildFile; fileRef = F202 /* MigrationTests.swift */; };
		A203 /* MyHomeV1Seed.store in Resources */ = {isa = PBXBuildFile; fileRef = F203 /* MyHomeV1Seed.store */; };
		A204 /* CategorySeedTests.swift in Sources */ = {isa = PBXBuildFile; fileRef = F204 /* CategorySeedTests.swift */; };
		A205 /* CategoryCRUDTests.swift in Sources */ = {isa = PBXBuildFile; fileRef = F205 /* CategoryCRUDTests.swift */; };
		A206 /* ExpenseCategoryTests.swift in Sources */ = {isa = PBXBuildFile; fileRef = F206 /* ExpenseCategoryTests.swift */; };
		A207 /* BudgetModelTests.swift in Sources */ = {isa = PBXBuildFile; fileRef = F207 /* BudgetModelTests.swift */; };
		A208 /* BudgetCalculatorTests.swift in Sources */ = {isa = PBXBuildFile; fileRef = F208 /* BudgetCalculatorTests.swift */; };
		A301 /* SpyCenter.swift in Sources */ = {isa = PBXBuildFile; fileRef = F301 /* SpyCenter.swift */; };
		A302 /* NoteModelTests.swift in Sources */ = {isa = PBXBuildFile; fileRef = F302 /* NoteModelTests.swift */; };
		A303 /* NoteListOrderingTests.swift in Sources */ = {isa = PBXBuildFile; fileRef = F303 /* NoteListOrderingTests.swift */; };
		A304 /* NoteSearchTests.swift in Sources */ = {isa = PBXBuildFile; fileRef = F304 /* NoteSearchTests.swift */; };
		A305 /* AutoSaveTests.swift in Sources */ = {isa = PBXBuildFile; fileRef = F305 /* AutoSaveTests.swift */; };
		A306 /* NotificationSchedulerTests.swift in Sources */ = {isa = PBXBuildFile; fileRef = F306 /* NotificationSchedulerTests.swift */; };
		A307 /* RecurrenceTests.swift in Sources */ = {isa = PBXBuildFile; fileRef = F307 /* RecurrenceTests.swift */; };
		A308 /* CalendarAggregationTests.swift in Sources */ = {isa = PBXBuildFile; fileRef = F308 /* CalendarAggregationTests.swift */; };
		A310 /* MyHomeV2Seed.store in Resources */ = {isa = PBXBuildFile; fileRef = F310 /* MyHomeV2Seed.store */; };
		A401 /* SpendOverTimeAggregatorTests.swift in Sources */ = {isa = PBXBuildFile; fileRef = F401 /* SpendOverTimeAggregatorTests.swift */; };
		A402 /* OverviewAggregationTests.swift in Sources */ = {isa = PBXBuildFile; fileRef = F402 /* OverviewAggregationTests.swift */; };
		A403 /* DecimalINRTests.swift in Sources */ = {isa = PBXBuildFile; fileRef = F403 /* DecimalINRTests.swift */; };
		A404 /* SpendOverTimeAggregator.swift in Sources */ = {isa = PBXBuildFile; fileRef = F404 /* SpendOverTimeAggregator.swift */; };
		A405 /* OverviewAggregation.swift in Sources */ = {isa = PBXBuildFile; fileRef = F405 /* OverviewAggregation.swift */; };
		A1401SDA /* SpendDonutAggregation.swift in Sources */ = {isa = PBXBuildFile; fileRef = F1401SDA /* SpendDonutAggregation.swift */; };
		A1401SDAT /* SpendDonutAggregationTests.swift in Sources */ = {isa = PBXBuildFile; fileRef = F1401SDAT /* SpendDonutAggregationTests.swift */; };
		A406 /* SpendBudgetCard.swift in Sources */ = {isa = PBXBuildFile; fileRef = F406 /* SpendBudgetCard.swift */; };
		A407 /* TopCategoriesCard.swift in Sources */ = {isa = PBXBuildFile; fileRef = F407 /* TopCategoriesCard.swift */; };
		A408 /* PinnedNoteCard.swift in Sources */ = {isa = PBXBuildFile; fileRef = F408 /* PinnedNoteCard.swift */; };
		A409 /* SpendByCategoryChart.swift in Sources */ = {isa = PBXBuildFile; fileRef = F409 /* SpendByCategoryChart.swift */; };
		A410 /* SpendOverTimeChart.swift in Sources */ = {isa = PBXBuildFile; fileRef = F410 /* SpendOverTimeChart.swift */; };
		A411 /* OverviewView.swift in Sources */ = {isa = PBXBuildFile; fileRef = F411 /* OverviewView.swift */; };
		A1402SDC /* SpendDonutCard.swift in Sources */ = {isa = PBXBuildFile; fileRef = F1402SDC /* SpendDonutCard.swift */; };
		A1402SDCT /* SpendDonutCardTests.swift in Sources */ = {isa = PBXBuildFile; fileRef = F1402SDCT /* SpendDonutCardTests.swift */; };
		A801SH /* CategoryStyle.swift in Sources */ = {isa = PBXBuildFile; fileRef = F801SH /* CategoryStyle.swift */; };
		A802SH /* IconTile.swift in Sources */ = {isa = PBXBuildFile; fileRef = F802SH /* IconTile.swift */; };
		A803SH /* CardStyle.swift in Sources */ = {isa = PBXBuildFile; fileRef = F803SH /* CardStyle.swift */; };
		A804SH /* DonutChart.swift in Sources */ = {isa = PBXBuildFile; fileRef = F804SH /* DonutChart.swift */; };
		A805SH /* StackBar.swift in Sources */ = {isa = PBXBuildFile; fileRef = F805SH /* StackBar.swift */; };
		A501 /* BiometricAuthPort.swift in Sources */ = {isa = PBXBuildFile; fileRef = F501 /* BiometricAuthPort.swift */; };
		A502 /* SpyBiometricAuth.swift in Sources */ = {isa = PBXBuildFile; fileRef = F502 /* SpyBiometricAuth.swift */; };
		A503 /* LockStateTests.swift in Sources */ = {isa = PBXBuildFile; fileRef = F503 /* LockStateTests.swift */; };
		A504 /* LockController.swift in Sources */ = {isa = PBXBuildFile; fileRef = F504 /* LockController.swift */; };
		A601 /* UnlockView.swift in Sources */ = {isa = PBXBuildFile; fileRef = F601 /* UnlockView.swift */; };
		A602 /* SettingsView.swift in Sources */ = {isa = PBXBuildFile; fileRef = F602 /* SettingsView.swift */; };
		A910ALV /* AccountsListView.swift in Sources */ = {isa = PBXBuildFile; fileRef = F910ALV /* AccountsListView.swift */; };
		A911EAV /* EditAccountView.swift in Sources */ = {isa = PBXBuildFile; fileRef = F911EAV /* EditAccountView.swift */; };
		A912ADV /* AccountDetailView.swift in Sources */ = {isa = PBXBuildFile; fileRef = F912ADV /* AccountDetailView.swift */; };
		A913MRS /* MigrationReviewSheet.swift in Sources */ = {isa = PBXBuildFile; fileRef = F913MRS /* MigrationReviewSheet.swift */; };
		A603 /* LockSettingsTests.swift in Sources */ = {isa = PBXBuildFile; fileRef = F603 /* LockSettingsTests.swift */; };
		A610GAP /* GmailAuthPort.swift in Sources */ = {isa = PBXBuildFile; fileRef = F610GAP /* GmailAuthPort.swift */; };
		A611KP /* KeychainPort.swift in Sources */ = {isa = PBXBuildFile; fileRef = F611KP /* KeychainPort.swift */; };
		A612PKCE /* PKCE.swift in Sources */ = {isa = PBXBuildFile; fileRef = F612PKCE /* PKCE.swift */; };
		A613GSC /* GmailSyncController.swift in Sources */ = {isa = PBXBuildFile; fileRef = F613GSC /* GmailSyncController.swift */; };
		A613GAS /* GmailAccountStore.swift in Sources */ = {isa = PBXBuildFile; fileRef = F613GAS /* GmailAccountStore.swift */; };
		A903AAH /* AccountAttributionHelper.swift in Sources */ = {isa = PBXBuildFile; fileRef = F903AAH /* AccountAttributionHelper.swift */; };
		A1001TDS /* TransferDetectionScorer.swift in Sources */ = {isa = PBXBuildFile; fileRef = F1001TDS /* TransferDetectionScorer.swift */; };
		A1002TSS /* TransferScanService.swift in Sources */ = {isa = PBXBuildFile; fileRef = F1002TSS /* TransferScanService.swift */; };
		A1003TDST /* TransferDetectionScorerTests.swift in Sources */ = {isa = PBXBuildFile; fileRef = F1003TDST /* TransferDetectionScorerTests.swift */; };
		A1004TSST /* TransferScanServiceTests.swift in Sources */ = {isa = PBXBuildFile; fileRef = F1004TSST /* TransferScanServiceTests.swift */; };
		A1005ABTT /* AccountBalanceTransferTests.swift in Sources */ = {isa = PBXBuildFile; fileRef = F1005ABTT /* AccountBalanceTransferTests.swift */; };
		A1006EETT /* EditExpenseTransferTests.swift in Sources */ = {isa = PBXBuildFile; fileRef = F1006EETT /* EditExpenseTransferTests.swift */; };
		A619MAGT /* MultiAccountGmailTests.swift in Sources */ = {isa = PBXBuildFile; fileRef = F619MAGT /* MultiAccountGmailTests.swift */; };
		A614SGA /* SpyGmailAuth.swift in Sources */ = {isa = PBXBuildFile; fileRef = F614SGA /* SpyGmailAuth.swift */; };
		A615SKS /* SpyKeychainStore.swift in Sources */ = {isa = PBXBuildFile; fileRef = F615SKS /* SpyKeychainStore.swift */; };
		A616PT /* PKCETests.swift in Sources */ = {isa = PBXBuildFile; fileRef = F616PT /* PKCETests.swift */; };
		A617GAUT /* GmailAuthURLTests.swift in Sources */ = {isa = PBXBuildFile; fileRef = F617GAUT /* GmailAuthURLTests.swift */; };
		A618KPT /* KeychainPortTests.swift in Sources */ = {isa = PBXBuildFile; fileRef = F618KPT /* KeychainPortTests.swift */; };
		A619GSCT /* GmailSyncControllerTests.swift in Sources */ = {isa = PBXBuildFile; fileRef = F619GSCT /* GmailSyncControllerTests.swift */; };
		A620RTT /* RelativeTimestampTests.swift in Sources */ = {isa = PBXBuildFile; fileRef = F620RTT /* RelativeTimestampTests.swift */; };
		A621RT /* RelativeTimestamp.swift in Sources */ = {isa = PBXBuildFile; fileRef = F621RT /* RelativeTimestamp.swift */; };
		A622GOC /* GmailOAuthConfig.swift in Sources */ = {isa = PBXBuildFile; fileRef = F622GOC /* GmailOAuthConfig.swift */; };
		A701SV4 /* SchemaV4.swift in Sources */ = {isa = PBXBuildFile; fileRef = F701SV4 /* SchemaV4.swift */; };
		A701SV5 /* SchemaV5.swift in Sources */ = {isa = PBXBuildFile; fileRef = F701SV5 /* SchemaV5.swift */; };
		A701SV6 /* SchemaV6.swift in Sources */ = {isa = PBXBuildFile; fileRef = F701SV6 /* SchemaV6.swift */; };
		A701SV7 /* SchemaV7.swift in Sources */ = {isa = PBXBuildFile; fileRef = F701SV7 /* SchemaV7.swift */; };
		A901ACC /* Account.swift in Sources */ = {isa = PBXBuildFile; fileRef = F901ACC /* Account.swift */; };
		A902AST /* Asset.swift in Sources */ = {isa = PBXBuildFile; fileRef = F902AST /* Asset.swift */; };
		A911NWS /* NetWorthSnapshot.swift in Sources */ = {isa = PBXBuildFile; fileRef = F911NWS /* NetWorthSnapshot.swift */; };
		A903SV6MT /* SchemaV6MigrationTests.swift in Sources */ = {isa = PBXBuildFile; fileRef = F903SV6MT /* SchemaV6MigrationTests.swift */; };
		A907ABS /* AccountBalance.swift in Sources */ = {isa = PBXBuildFile; fileRef = F907ABS /* AccountBalance.swift */; };
		A908CHX /* Color+Hex.swift in Sources */ = {isa = PBXBuildFile; fileRef = F908CHX /* Color+Hex.swift */; };
		A904ABT /* AccountBalanceTests.swift in Sources */ = {isa = PBXBuildFile; fileRef = F904ABT /* AccountBalanceTests.swift */; };
		A1101SV7MT /* SchemaV7MigrationTests.swift in Sources */ = {isa = PBXBuildFile; fileRef = F1101SV7MT /* SchemaV7MigrationTests.swift */; };
		A1102ACRT /* AssetCRUDTests.swift in Sources */ = {isa = PBXBuildFile; fileRef = F1102ACRT /* AssetCRUDTests.swift */; };
		A1103AVT /* AssetValueTests.swift in Sources */ = {isa = PBXBuildFile; fileRef = F1103AVT /* AssetValueTests.swift */; };
		A1104NWST /* NetWorthSnapshotTests.swift in Sources */ = {isa = PBXBuildFile; fileRef = F1104NWST /* NetWorthSnapshotTests.swift */; };
		A1103SBT /* StalenessBadgeTests.swift in Sources */ = {isa = PBXBuildFile; fileRef = F1103SBT /* StalenessBadgeTests.swift */; };
		A1103AGLT /* AssetGainLossTests.swift in Sources */ = {isa = PBXBuildFile; fileRef = F1103AGLT /* AssetGainLossTests.swift */; };
		A1103SV /* StalenessView.swift in Sources */ = {isa = PBXBuildFile; fileRef = F1103SV /* StalenessView.swift */; };
		A1103ALV /* AssetsListView.swift in Sources */ = {isa = PBXBuildFile; fileRef = F1103ALV /* AssetsListView.swift */; };
		A1103EAV /* EditAssetView.swift in Sources */ = {isa = PBXBuildFile; fileRef = F1103EAV /* EditAssetView.swift */; };
		A1103ASPV /* AMFISchemePickerView.swift in Sources */ = {isa = PBXBuildFile; fileRef = F1103ASPV /* AMFISchemePickerView.swift */; };
		A1103ADV /* AssetDetailView.swift in Sources */ = {isa = PBXBuildFile; fileRef = F1103ADV /* AssetDetailView.swift */; };
		A1104NWC /* NetWorthCard.swift in Sources */ = {isa = PBXBuildFile; fileRef = F1104NWC /* NetWorthCard.swift */; };
		A1104NWTC /* NetWorthTrendChart.swift in Sources */ = {isa = PBXBuildFile; fileRef = F1104NWTC /* NetWorthTrendChart.swift */; };
		A1104AST /* AllocationSegmentTests.swift in Sources */ = {isa = PBXBuildFile; fileRef = F1104AST /* AllocationSegmentTests.swift */; };
		A1102ANS /* AMFINavService.swift in Sources */ = {isa = PBXBuildFile; fileRef = F1102ANS /* AMFINavService.swift */; };
		A1102ANST /* AMFINavServiceTests.swift in Sources */ = {isa = PBXBuildFile; fileRef = F1102ANST /* AMFINavServiceTests.swift */; };
		A1102NWC /* NetWorthCalculator.swift in Sources */ = {isa = PBXBuildFile; fileRef = F1102NWC /* NetWorthCalculator.swift */; };
		A1102NWSS /* NetWorthSnapshotService.swift in Sources */ = {isa = PBXBuildFile; fileRef = F1102NWSS /* NetWorthSnapshotService.swift */; };
		A1102NWAT /* NetWorthAggregationTests.swift in Sources */ = {isa = PBXBuildFile; fileRef = F1102NWAT /* NetWorthAggregationTests.swift */; };
		A905ATIT /* AccountTypeInferenceTests.swift in Sources */ = {isa = PBXBuildFile; fileRef = F905ATIT /* AccountTypeInferenceTests.swift */; };
		A906ACCT /* AccountCRUDTests.swift in Sources */ = {isa = PBXBuildFile; fileRef = F906ACCT /* AccountCRUDTests.swift */; };
		A903GAAT /* GmailAccountAttributionTests.swift in Sources */ = {isa = PBXBuildFile; fileRef = F903GAAT /* GmailAccountAttributionTests.swift */; };
		A702GFP /* GmailFetchPort.swift in Sources */ = {isa = PBXBuildFile; fileRef = F702GFP /* GmailFetchPort.swift */; };
		A703BEP /* BankEmailParser.swift in Sources */ = {isa = PBXBuildFile; fileRef = F703BEP /* BankEmailParser.swift */; };
		A703CS /* ConfidenceScorer.swift in Sources */ = {isa = PBXBuildFile; fileRef = F703CS /* ConfidenceScorer.swift */; };
		A703DK /* DedupChecker.swift in Sources */ = {isa = PBXBuildFile; fileRef = F703DK /* DedupChecker.swift */; };
		A703DS /* DismissedMessageStore.swift in Sources */ = {isa = PBXBuildFile; fileRef = F703DS /* DismissedMessageStore.swift */; };
		A703HP /* HDFCParser.swift in Sources */ = {isa = PBXBuildFile; fileRef = F703HP /* HDFCParser.swift */; };
		A703IP /* ICICIParser.swift in Sources */ = {isa = PBXBuildFile; fileRef = F703IP /* ICICIParser.swift */; };
		A703CUB /* CUBParser.swift in Sources */ = {isa = PBXBuildFile; fileRef = F703CUB /* CUBParser.swift */; };
		A703MN /* MerchantNormalizer.swift in Sources */ = {isa = PBXBuildFile; fileRef = F703MN /* MerchantNormalizer.swift */; };
		A704SGF /* SpyGmailFetch.swift in Sources */ = {isa = PBXBuildFile; fileRef = F704SGF /* SpyGmailFetch.swift */; };
		A705HDFC /* HDFCParserTests.swift in Sources */ = {isa = PBXBuildFile; fileRef = F705HDFC /* HDFCParserTests.swift */; };
		A706ICICI /* ICICIParserTests.swift in Sources */ = {isa = PBXBuildFile; fileRef = F706ICICI /* ICICIParserTests.swift */; };
		A706CUB /* CUBParserTests.swift in Sources */ = {isa = PBXBuildFile; fileRef = F706CUB /* CUBParserTests.swift */; };
		A706RIR /* ReviewInboxRow.swift in Sources */ = {isa = PBXBuildFile; fileRef = F706RIR /* ReviewInboxRow.swift */; };
		A1030TPR /* TransferPairRow.swift in Sources */ = {isa = PBXBuildFile; fileRef = F1030TPR /* TransferPairRow.swift */; };
		A707CS /* ConfidenceScorerTests.swift in Sources */ = {isa = PBXBuildFile; fileRef = F707CS /* ConfidenceScorerTests.swift */; };
		A708DC /* DedupCheckerTests.swift in Sources */ = {isa = PBXBuildFile; fileRef = F708DC /* DedupCheckerTests.swift */; };
		A709MN /* MerchantNormalizerTests.swift in Sources */ = {isa = PBXBuildFile; fileRef = F709MN /* MerchantNormalizerTests.swift */; };
		A710IP /* IngestionPipelineTests.swift in Sources */ = {isa = PBXBuildFile; fileRef = F710IP /* IngestionPipelineTests.swift */; };
		A711FIX /* Fixtures in Resources */ = {isa = PBXBuildFile; fileRef = F711FIX /* Fixtures */; };
		A1101SV8 /* SchemaV8.swift in Sources */ = {isa = PBXBuildFile; fileRef = F1101SV8 /* SchemaV8.swift */; };
		A1101SIP /* SIP.swift in Sources */ = {isa = PBXBuildFile; fileRef = F1101SIP /* SIP.swift */; };
		A1101SAC /* SIPAmountChange.swift in Sources */ = {isa = PBXBuildFile; fileRef = F1101SAC /* SIPAmountChange.swift */; };
		A1101CON /* Contribution.swift in Sources */ = {isa = PBXBuildFile; fileRef = F1101CON /* Contribution.swift */; };
		A1201SV9 /* SchemaV9.swift in Sources */ = {isa = PBXBuildFile; fileRef = F1201SV9 /* SchemaV9.swift */; };
		A1201RC /* RoutineCompletion.swift in Sources */ = {isa = PBXBuildFile; fileRef = F1201RC /* RoutineCompletion.swift */; };
		A1202SC /* StreakCalculator.swift in Sources */ = {isa = PBXBuildFile; fileRef = F1202SC /* StreakCalculator.swift */; };
		A1203RNS /* RoutineNotificationService.swift in Sources */ = {isa = PBXBuildFile; fileRef = F1203RNS /* RoutineNotificationService.swift */; };
		A1101NNS /* NPSNavService.swift in Sources */ = {isa = PBXBuildFile; fileRef = F1101NNS /* NPSNavService.swift */; };
		A1101SAS /* SIPAccrualService.swift in Sources */ = {isa = PBXBuildFile; fileRef = F1101SAS /* SIPAccrualService.swift */; };
		A1101NSP /* NPSSchemePickerView.swift in Sources */ = {isa = PBXBuildFile; fileRef = F1101NSP /* NPSSchemePickerView.swift */; };
		A1101SSV /* SIPSetupView.swift in Sources */ = {isa = PBXBuildFile; fileRef = F1101SSV /* SIPSetupView.swift */; };
		A1101CLV /* ContributionLogView.swift in Sources */ = {isa = PBXBuildFile; fileRef = F1101CLV /* ContributionLogView.swift */; };
		A1101RCV /* ReconcileView.swift in Sources */ = {isa = PBXBuildFile; fileRef = F1101RCV /* ReconcileView.swift */; };
		A1101SV8MT /* SchemaV8MigrationTests.swift in Sources */ = {isa = PBXBuildFile; fileRef = F1101SV8MT /* SchemaV8MigrationTests.swift */; };
		A1201SV9MT /* SchemaV9MigrationTests.swift in Sources */ = {isa = PBXBuildFile; fileRef = F1201SV9MT /* SchemaV9MigrationTests.swift */; };
		A1201SCT /* StreakCalculatorTests.swift in Sources */ = {isa = PBXBuildFile; fileRef = F1201SCT /* StreakCalculatorTests.swift */; };
		A1201RNST /* RoutineNotificationServiceTests.swift in Sources */ = {isa = PBXBuildFile; fileRef = F1201RNST /* RoutineNotificationServiceTests.swift */; };
		A1201NRT /* NoteReorderTests.swift in Sources */ = {isa = PBXBuildFile; fileRef = F1201NRT /* NoteReorderTests.swift */; };
		A1204RCT /* RoutineCalendarTests.swift in Sources */ = {isa = PBXBuildFile; fileRef = F1204RCT /* RoutineCalendarTests.swift */; };
		A1101NNST /* NPSNavServiceTests.swift in Sources */ = {isa = PBXBuildFile; fileRef = F1101NNST /* NPSNavServiceTests.swift */; };
		A1101SAST /* SIPAccrualServiceTests.swift in Sources */ = {isa = PBXBuildFile; fileRef = F1101SAST /* SIPAccrualServiceTests.swift */; };
		A1101RCT /* ReconcileTests.swift in Sources */ = {isa = PBXBuildFile; fileRef = F1101RCT /* ReconcileTests.swift */; };
		A1101SSVT /* SIPSetupValidationTests.swift in Sources */ = {isa = PBXBuildFile; fileRef = F1101SSVT /* SIPSetupValidationTests.swift */; };
		A1203RDV /* RoutineDetailView.swift in Sources */ = {isa = PBXBuildFile; fileRef = F1203RDV /* RoutineDetailView.swift */; };
		A13DS1 /* DesignTokens.swift in Sources */ = {isa = PBXBuildFile; fileRef = F13DS1 /* DesignTokens.swift */; };
		A13NS /* NeuSurface.swift in Sources */ = {isa = PBXBuildFile; fileRef = F13NS /* NeuSurface.swift */; };
		A13NTB /* NeuTabBar.swift in Sources */ = {isa = PBXBuildFile; fileRef = F13NTB /* NeuTabBar.swift */; };
		A13RMT /* RollingMoneyText.swift in Sources */ = {isa = PBXBuildFile; fileRef = F13RMT /* RollingMoneyText.swift */; };
		A13DST /* DesignTokensTests.swift in Sources */ = {isa = PBXBuildFile; fileRef = F13DST /* DesignTokensTests.swift */; };
		A13RMTT /* RollingMoneyTextTests.swift in Sources */ = {isa = PBXBuildFile; fileRef = F13RMTT /* RollingMoneyTextTests.swift */; };
/* End PBXBuildFile section */

/* Begin PBXContainerItemProxy section */
		D001P /* PBXContainerItemProxy */ = {
			isa = PBXContainerItemProxy;
			containerPortal = PROJ /* Project object */;
			proxyType = 1;
			remoteGlobalIDString = T001;
			remoteInfo = MyHome;
		};
/* End PBXContainerItemProxy section */

/* Begin PBXFileReference section */
		F001 /* MyHome.app */ = {isa = PBXFileReference; explicitFileType = wrapper.application; includeInIndex = 0; path = MyHome.app; sourceTree = BUILT_PRODUCTS_DIR; };
		F002 /* MyHomeTests.xctest */ = {isa = PBXFileReference; explicitFileType = wrapper.cfbundle; includeInIndex = 0; path = MyHomeTests.xctest; sourceTree = BUILT_PRODUCTS_DIR; };
		F101 /* MyHomeApp.swift */ = {isa = PBXFileReference; lastKnownFileType = sourcecode.swift; path = MyHomeApp.swift; sourceTree = "<group>"; };
		F102 /* RootView.swift */ = {isa = PBXFileReference; lastKnownFileType = sourcecode.swift; path = RootView.swift; sourceTree = "<group>"; };
		F103 /* Assets.xcassets */ = {isa = PBXFileReference; lastKnownFileType = folder.assetcatalog; path = Assets.xcassets; sourceTree = "<group>"; };
		F104 /* PrivacyInfo.xcprivacy */ = {isa = PBXFileReference; lastKnownFileType = text.xml; path = PrivacyInfo.xcprivacy; sourceTree = "<group>"; };
		F105 /* Info.plist */ = {isa = PBXFileReference; lastKnownFileType = text.plist.xml; path = Info.plist; sourceTree = "<group>"; };
		F106 /* MyHome.entitlements */ = {isa = PBXFileReference; lastKnownFileType = text.plist.entitlements; path = MyHome.entitlements; sourceTree = "<group>"; };
		F111 /* SchemaV1.swift */ = {isa = PBXFileReference; lastKnownFileType = sourcecode.swift; path = SchemaV1.swift; sourceTree = "<group>"; };
		F112 /* MigrationPlan.swift */ = {isa = PBXFileReference; lastKnownFileType = sourcecode.swift; path = MigrationPlan.swift; sourceTree = "<group>"; };
		F113 /* Expense.swift */ = {isa = PBXFileReference; lastKnownFileType = sourcecode.swift; path = Expense.swift; sourceTree = "<group>"; };
		F114 /* ModelContainer+App.swift */ = {isa = PBXFileReference; lastKnownFileType = sourcecode.swift; path = "ModelContainer+App.swift"; sourceTree = "<group>"; };
		F115 /* Decimal+INR.swift */ = {isa = PBXFileReference; lastKnownFileType = sourcecode.swift; path = "Decimal+INR.swift"; sourceTree = "<group>"; };
		F116 /* Date+Display.swift */ = {isa = PBXFileReference; lastKnownFileType = sourcecode.swift; path = "Date+Display.swift"; sourceTree = "<group>"; };
		F117 /* SchemaV2.swift */ = {isa = PBXFileReference; lastKnownFileType = sourcecode.swift; path = SchemaV2.swift; sourceTree = "<group>"; };
		F118 /* Category.swift */ = {isa = PBXFileReference; lastKnownFileType = sourcecode.swift; path = Category.swift; sourceTree = "<group>"; };
		F119 /* BudgetCalculator.swift */ = {isa = PBXFileReference; lastKnownFileType = sourcecode.swift; path = BudgetCalculator.swift; sourceTree = "<group>"; };
		F119V3 /* SchemaV3.swift */ = {isa = PBXFileReference; lastKnownFileType = sourcecode.swift; path = SchemaV3.swift; sourceTree = "<group>"; };
		F120RV /* ReminderValueTypes.swift */ = {isa = PBXFileReference; lastKnownFileType = sourcecode.swift; path = ReminderValueTypes.swift; sourceTree = "<group>"; };
		F121 /* DecimalKeypadView.swift */ = {isa = PBXFileReference; lastKnownFileType = sourcecode.swift; path = DecimalKeypadView.swift; sourceTree = "<group>"; };
		F122 /* AddExpenseView.swift */ = {isa = PBXFileReference; lastKnownFileType = sourcecode.swift; path = AddExpenseView.swift; sourceTree = "<group>"; };
		F123 /* ExpenseListView.swift */ = {isa = PBXFileReference; lastKnownFileType = sourcecode.swift; path = ExpenseListView.swift; sourceTree = "<group>"; };
		F124 /* ExpenseRow.swift */ = {isa = PBXFileReference; lastKnownFileType = sourcecode.swift; path = ExpenseRow.swift; sourceTree = "<group>"; };
		F125 /* EditExpenseView.swift */ = {isa = PBXFileReference; lastKnownFileType = sourcecode.swift; path = EditExpenseView.swift; sourceTree = "<group>"; };
		F126 /* CategoryPickerView.swift */ = {isa = PBXFileReference; lastKnownFileType = sourcecode.swift; path = CategoryPickerView.swift; sourceTree = "<group>"; };
		F903APV /* AccountPickerView.swift */ = {isa = PBXFileReference; lastKnownFileType = sourcecode.swift; path = AccountPickerView.swift; sourceTree = "<group>"; };
		F127 /* BudgetProgressView.swift */ = {isa = PBXFileReference; lastKnownFileType = sourcecode.swift; path = BudgetProgressView.swift; sourceTree = "<group>"; };
		F128 /* BudgetCategoryCard.swift */ = {isa = PBXFileReference; lastKnownFileType = sourcecode.swift; path = BudgetCategoryCard.swift; sourceTree = "<group>"; };
		F129 /* EditBudgetSheet.swift */ = {isa = PBXFileReference; lastKnownFileType = sourcecode.swift; path = EditBudgetSheet.swift; sourceTree = "<group>"; };
		F130 /* ManageCategoriesView.swift */ = {isa = PBXFileReference; lastKnownFileType = sourcecode.swift; path = ManageCategoriesView.swift; sourceTree = "<group>"; };
		F131 /* FilteredExpenseListView.swift */ = {isa = PBXFileReference; lastKnownFileType = sourcecode.swift; path = FilteredExpenseListView.swift; sourceTree = "<group>"; };
		F132 /* BudgetsView.swift */ = {isa = PBXFileReference; lastKnownFileType = sourcecode.swift; path = BudgetsView.swift; sourceTree = "<group>"; };
		F133N /* Note.swift */ = {isa = PBXFileReference; lastKnownFileType = sourcecode.swift; path = Note.swift; sourceTree = "<group>"; };
		F134NB /* NoteBlock.swift */ = {isa = PBXFileReference; lastKnownFileType = sourcecode.swift; path = NoteBlock.swift; sourceTree = "<group>"; };
		F140NCP /* NotificationCenterPort.swift */ = {isa = PBXFileReference; lastKnownFileType = sourcecode.swift; path = NotificationCenterPort.swift; sourceTree = "<group>"; };
		F141NS /* NotificationScheduler.swift */ = {isa = PBXFileReference; lastKnownFileType = sourcecode.swift; path = NotificationScheduler.swift; sourceTree = "<group>"; };
		F142NLO /* NoteListOrganizer.swift */ = {isa = PBXFileReference; lastKnownFileType = sourcecode.swift; path = NoteListOrganizer.swift; sourceTree = "<group>"; };
		F143NSF /* NoteSearchFilter.swift */ = {isa = PBXFileReference; lastKnownFileType = sourcecode.swift; path = NoteSearchFilter.swift; sourceTree = "<group>"; };
		F144CA /* CalendarAggregator.swift */ = {isa = PBXFileReference; lastKnownFileType = sourcecode.swift; path = CalendarAggregator.swift; sourceTree = "<group>"; };
		F145NA /* NotificationActions.swift */ = {isa = PBXFileReference; lastKnownFileType = sourcecode.swift; path = NotificationActions.swift; sourceTree = "<group>"; };
		F151NHV /* NotesHomeView.swift */ = {isa = PBXFileReference; lastKnownFileType = sourcecode.swift; path = NotesHomeView.swift; sourceTree = "<group>"; };
		F152NLV /* NotesListView.swift */ = {isa = PBXFileReference; lastKnownFileType = sourcecode.swift; path = NotesListView.swift; sourceTree = "<group>"; };
		F153NRW /* NoteRow.swift */ = {isa = PBXFileReference; lastKnownFileType = sourcecode.swift; path = NoteRow.swift; sourceTree = "<group>"; };
		F154ANV /* AddNoteView.swift */ = {isa = PBXFileReference; lastKnownFileType = sourcecode.swift; path = AddNoteView.swift; sourceTree = "<group>"; };
		F155ENV /* EditNoteView.swift */ = {isa = PBXFileReference; lastKnownFileType = sourcecode.swift; path = EditNoteView.swift; sourceTree = "<group>"; };
		F156REV /* ReminderEditView.swift */ = {isa = PBXFileReference; lastKnownFileType = sourcecode.swift; path = ReminderEditView.swift; sourceTree = "<group>"; };
		F157CV /* CalendarView.swift */ = {isa = PBXFileReference; lastKnownFileType = sourcecode.swift; path = CalendarView.swift; sourceTree = "<group>"; };
		F158RRS /* RoutineResetService.swift */ = {isa = PBXFileReference; lastKnownFileType = sourcecode.swift; path = RoutineResetService.swift; sourceTree = "<group>"; };
		F201 /* ExpenseModelTests.swift */ = {isa = PBXFileReference; lastKnownFileType = sourcecode.swift; path = ExpenseModelTests.swift; sourceTree = "<group>"; };
		F202 /* MigrationTests.swift */ = {isa = PBXFileReference; lastKnownFileType = sourcecode.swift; path = MigrationTests.swift; sourceTree = "<group>"; };
		F203 /* MyHomeV1Seed.store */ = {isa = PBXFileReference; lastKnownFileType = file; path = MyHomeV1Seed.store; sourceTree = "<group>"; };
		F204 /* CategorySeedTests.swift */ = {isa = PBXFileReference; lastKnownFileType = sourcecode.swift; path = CategorySeedTests.swift; sourceTree = "<group>"; };
		F205 /* CategoryCRUDTests.swift */ = {isa = PBXFileReference; lastKnownFileType = sourcecode.swift; path = CategoryCRUDTests.swift; sourceTree = "<group>"; };
		F206 /* ExpenseCategoryTests.swift */ = {isa = PBXFileReference; lastKnownFileType = sourcecode.swift; path = ExpenseCategoryTests.swift; sourceTree = "<group>"; };
		F207 /* BudgetModelTests.swift */ = {isa = PBXFileReference; lastKnownFileType = sourcecode.swift; path = BudgetModelTests.swift; sourceTree = "<group>"; };
		F208 /* BudgetCalculatorTests.swift */ = {isa = PBXFileReference; lastKnownFileType = sourcecode.swift; path = BudgetCalculatorTests.swift; sourceTree = "<group>"; };
		F301 /* SpyCenter.swift */ = {isa = PBXFileReference; lastKnownFileType = sourcecode.swift; path = SpyCenter.swift; sourceTree = "<group>"; };
		F302 /* NoteModelTests.swift */ = {isa = PBXFileReference; lastKnownFileType = sourcecode.swift; path = NoteModelTests.swift; sourceTree = "<group>"; };
		F303 /* NoteListOrderingTests.swift */ = {isa = PBXFileReference; lastKnownFileType = sourcecode.swift; path = NoteListOrderingTests.swift; sourceTree = "<group>"; };
		F304 /* NoteSearchTests.swift */ = {isa = PBXFileReference; lastKnownFileType = sourcecode.swift; path = NoteSearchTests.swift; sourceTree = "<group>"; };
		F305 /* AutoSaveTests.swift */ = {isa = PBXFileReference; lastKnownFileType = sourcecode.swift; path = AutoSaveTests.swift; sourceTree = "<group>"; };
		F306 /* NotificationSchedulerTests.swift */ = {isa = PBXFileReference; lastKnownFileType = sourcecode.swift; path = NotificationSchedulerTests.swift; sourceTree = "<group>"; };
		F307 /* RecurrenceTests.swift */ = {isa = PBXFileReference; lastKnownFileType = sourcecode.swift; path = RecurrenceTests.swift; sourceTree = "<group>"; };
		F308 /* CalendarAggregationTests.swift */ = {isa = PBXFileReference; lastKnownFileType = sourcecode.swift; path = CalendarAggregationTests.swift; sourceTree = "<group>"; };
		F310 /* MyHomeV2Seed.store */ = {isa = PBXFileReference; lastKnownFileType = file; path = MyHomeV2Seed.store; sourceTree = "<group>"; };
		F401 /* SpendOverTimeAggregatorTests.swift */ = {isa = PBXFileReference; lastKnownFileType = sourcecode.swift; path = SpendOverTimeAggregatorTests.swift; sourceTree = "<group>"; };
		F402 /* OverviewAggregationTests.swift */ = {isa = PBXFileReference; lastKnownFileType = sourcecode.swift; path = OverviewAggregationTests.swift; sourceTree = "<group>"; };
		F403 /* DecimalINRTests.swift */ = {isa = PBXFileReference; lastKnownFileType = sourcecode.swift; path = DecimalINRTests.swift; sourceTree = "<group>"; };
		F404 /* SpendOverTimeAggregator.swift */ = {isa = PBXFileReference; lastKnownFileType = sourcecode.swift; path = SpendOverTimeAggregator.swift; sourceTree = "<group>"; };
		F405 /* OverviewAggregation.swift */ = {isa = PBXFileReference; lastKnownFileType = sourcecode.swift; path = OverviewAggregation.swift; sourceTree = "<group>"; };
		F1401SDA /* SpendDonutAggregation.swift */ = {isa = PBXFileReference; lastKnownFileType = sourcecode.swift; path = SpendDonutAggregation.swift; sourceTree = "<group>"; };
		F1401SDAT /* SpendDonutAggregationTests.swift */ = {isa = PBXFileReference; lastKnownFileType = sourcecode.swift; path = SpendDonutAggregationTests.swift; sourceTree = "<group>"; };
		F406 /* SpendBudgetCard.swift */ = {isa = PBXFileReference; lastKnownFileType = sourcecode.swift; path = SpendBudgetCard.swift; sourceTree = "<group>"; };
		F407 /* TopCategoriesCard.swift */ = {isa = PBXFileReference; lastKnownFileType = sourcecode.swift; path = TopCategoriesCard.swift; sourceTree = "<group>"; };
		F408 /* PinnedNoteCard.swift */ = {isa = PBXFileReference; lastKnownFileType = sourcecode.swift; path = PinnedNoteCard.swift; sourceTree = "<group>"; };
		F409 /* SpendByCategoryChart.swift */ = {isa = PBXFileReference; lastKnownFileType = sourcecode.swift; path = SpendByCategoryChart.swift; sourceTree = "<group>"; };
		F410 /* SpendOverTimeChart.swift */ = {isa = PBXFileReference; lastKnownFileType = sourcecode.swift; path = SpendOverTimeChart.swift; sourceTree = "<group>"; };
		F411 /* OverviewView.swift */ = {isa = PBXFileReference; lastKnownFileType = sourcecode.swift; path = OverviewView.swift; sourceTree = "<group>"; };
		F1402SDC /* SpendDonutCard.swift */ = {isa = PBXFileReference; lastKnownFileType = sourcecode.swift; path = SpendDonutCard.swift; sourceTree = "<group>"; };
		F1402SDCT /* SpendDonutCardTests.swift */ = {isa = PBXFileReference; lastKnownFileType = sourcecode.swift; path = SpendDonutCardTests.swift; sourceTree = "<group>"; };
		F501 /* BiometricAuthPort.swift */ = {isa = PBXFileReference; lastKnownFileType = sourcecode.swift; path = BiometricAuthPort.swift; sourceTree = "<group>"; };
		F502 /* SpyBiometricAuth.swift */ = {isa = PBXFileReference; lastKnownFileType = sourcecode.swift; path = SpyBiometricAuth.swift; sourceTree = "<group>"; };
		F503 /* LockStateTests.swift */ = {isa = PBXFileReference; lastKnownFileType = sourcecode.swift; path = LockStateTests.swift; sourceTree = "<group>"; };
		F504 /* LockController.swift */ = {isa = PBXFileReference; lastKnownFileType = sourcecode.swift; path = LockController.swift; sourceTree = "<group>"; };
		F601 /* UnlockView.swift */ = {isa = PBXFileReference; lastKnownFileType = sourcecode.swift; path = UnlockView.swift; sourceTree = "<group>"; };
		F602 /* SettingsView.swift */ = {isa = PBXFileReference; lastKnownFileType = sourcecode.swift; path = SettingsView.swift; sourceTree = "<group>"; };
		F910ALV /* AccountsListView.swift */ = {isa = PBXFileReference; lastKnownFileType = sourcecode.swift; path = AccountsListView.swift; sourceTree = "<group>"; };
		F911EAV /* EditAccountView.swift */ = {isa = PBXFileReference; lastKnownFileType = sourcecode.swift; path = EditAccountView.swift; sourceTree = "<group>"; };
		F912ADV /* AccountDetailView.swift */ = {isa = PBXFileReference; lastKnownFileType = sourcecode.swift; path = AccountDetailView.swift; sourceTree = "<group>"; };
		F913MRS /* MigrationReviewSheet.swift */ = {isa = PBXFileReference; lastKnownFileType = sourcecode.swift; path = MigrationReviewSheet.swift; sourceTree = "<group>"; };
		F603 /* LockSettingsTests.swift */ = {isa = PBXFileReference; lastKnownFileType = sourcecode.swift; path = LockSettingsTests.swift; sourceTree = "<group>"; };
		F610GAP /* GmailAuthPort.swift */ = {isa = PBXFileReference; lastKnownFileType = sourcecode.swift; path = GmailAuthPort.swift; sourceTree = "<group>"; };
		F611KP /* KeychainPort.swift */ = {isa = PBXFileReference; lastKnownFileType = sourcecode.swift; path = KeychainPort.swift; sourceTree = "<group>"; };
		F612PKCE /* PKCE.swift */ = {isa = PBXFileReference; lastKnownFileType = sourcecode.swift; path = PKCE.swift; sourceTree = "<group>"; };
		F613GSC /* GmailSyncController.swift */ = {isa = PBXFileReference; lastKnownFileType = sourcecode.swift; path = GmailSyncController.swift; sourceTree = "<group>"; };
		F613GAS /* GmailAccountStore.swift */ = {isa = PBXFileReference; lastKnownFileType = sourcecode.swift; path = GmailAccountStore.swift; sourceTree = "<group>"; };
		F903AAH /* AccountAttributionHelper.swift */ = {isa = PBXFileReference; lastKnownFileType = sourcecode.swift; path = AccountAttributionHelper.swift; sourceTree = "<group>"; };
		F619MAGT /* MultiAccountGmailTests.swift */ = {isa = PBXFileReference; lastKnownFileType = sourcecode.swift; path = MultiAccountGmailTests.swift; sourceTree = "<group>"; };
		F614SGA /* SpyGmailAuth.swift */ = {isa = PBXFileReference; lastKnownFileType = sourcecode.swift; path = SpyGmailAuth.swift; sourceTree = "<group>"; };
		F615SKS /* SpyKeychainStore.swift */ = {isa = PBXFileReference; lastKnownFileType = sourcecode.swift; path = SpyKeychainStore.swift; sourceTree = "<group>"; };
		F616PT /* PKCETests.swift */ = {isa = PBXFileReference; lastKnownFileType = sourcecode.swift; path = PKCETests.swift; sourceTree = "<group>"; };
		F617GAUT /* GmailAuthURLTests.swift */ = {isa = PBXFileReference; lastKnownFileType = sourcecode.swift; path = GmailAuthURLTests.swift; sourceTree = "<group>"; };
		F618KPT /* KeychainPortTests.swift */ = {isa = PBXFileReference; lastKnownFileType = sourcecode.swift; path = KeychainPortTests.swift; sourceTree = "<group>"; };
		F619GSCT /* GmailSyncControllerTests.swift */ = {isa = PBXFileReference; lastKnownFileType = sourcecode.swift; path = GmailSyncControllerTests.swift; sourceTree = "<group>"; };
		F620RTT /* RelativeTimestampTests.swift */ = {isa = PBXFileReference; lastKnownFileType = sourcecode.swift; path = RelativeTimestampTests.swift; sourceTree = "<group>"; };
		F621RT /* RelativeTimestamp.swift */ = {isa = PBXFileReference; lastKnownFileType = sourcecode.swift; path = RelativeTimestamp.swift; sourceTree = "<group>"; };
		F622GOC /* GmailOAuthConfig.swift */ = {isa = PBXFileReference; lastKnownFileType = sourcecode.swift; path = GmailOAuthConfig.swift; sourceTree = "<group>"; };
		F701SV4 /* SchemaV4.swift */ = {isa = PBXFileReference; lastKnownFileType = sourcecode.swift; path = SchemaV4.swift; sourceTree = "<group>"; };
		F701SV5 /* SchemaV5.swift */ = {isa = PBXFileReference; lastKnownFileType = sourcecode.swift; path = SchemaV5.swift; sourceTree = "<group>"; };
		F701SV6 /* SchemaV6.swift */ = {isa = PBXFileReference; lastKnownFileType = sourcecode.swift; path = SchemaV6.swift; sourceTree = "<group>"; };
		F701SV7 /* SchemaV7.swift */ = {isa = PBXFileReference; lastKnownFileType = sourcecode.swift; path = SchemaV7.swift; sourceTree = "<group>"; };
		F901ACC /* Account.swift */ = {isa = PBXFileReference; lastKnownFileType = sourcecode.swift; path = Account.swift; sourceTree = "<group>"; };
		F902AST /* Asset.swift */ = {isa = PBXFileReference; lastKnownFileType = sourcecode.swift; path = Asset.swift; sourceTree = "<group>"; };
		F911NWS /* NetWorthSnapshot.swift */ = {isa = PBXFileReference; lastKnownFileType = sourcecode.swift; path = NetWorthSnapshot.swift; sourceTree = "<group>"; };
		F903SV6MT /* SchemaV6MigrationTests.swift */ = {isa = PBXFileReference; lastKnownFileType = sourcecode.swift; path = SchemaV6MigrationTests.swift; sourceTree = "<group>"; };
		F907ABS /* AccountBalance.swift */ = {isa = PBXFileReference; lastKnownFileType = sourcecode.swift; path = "AccountBalance.swift"; sourceTree = "<group>"; };
		F908CHX /* Color+Hex.swift */ = {isa = PBXFileReference; lastKnownFileType = sourcecode.swift; path = "Color+Hex.swift"; sourceTree = "<group>"; };
		F904ABT /* AccountBalanceTests.swift */ = {isa = PBXFileReference; lastKnownFileType = sourcecode.swift; path = AccountBalanceTests.swift; sourceTree = "<group>"; };
		F1101SV7MT /* SchemaV7MigrationTests.swift */ = {isa = PBXFileReference; lastKnownFileType = sourcecode.swift; path = SchemaV7MigrationTests.swift; sourceTree = "<group>"; };
		F1102ACRT /* AssetCRUDTests.swift */ = {isa = PBXFileReference; lastKnownFileType = sourcecode.swift; path = AssetCRUDTests.swift; sourceTree = "<group>"; };
		F1103AVT /* AssetValueTests.swift */ = {isa = PBXFileReference; lastKnownFileType = sourcecode.swift; path = AssetValueTests.swift; sourceTree = "<group>"; };
		F1104NWST /* NetWorthSnapshotTests.swift */ = {isa = PBXFileReference; lastKnownFileType = sourcecode.swift; path = NetWorthSnapshotTests.swift; sourceTree = "<group>"; };
		F1103SBT /* StalenessBadgeTests.swift */ = {isa = PBXFileReference; lastKnownFileType = sourcecode.swift; path = StalenessBadgeTests.swift; sourceTree = "<group>"; };
		F1103AGLT /* AssetGainLossTests.swift */ = {isa = PBXFileReference; lastKnownFileType = sourcecode.swift; path = AssetGainLossTests.swift; sourceTree = "<group>"; };
		F1103SV /* StalenessView.swift */ = {isa = PBXFileReference; lastKnownFileType = sourcecode.swift; path = StalenessView.swift; sourceTree = "<group>"; };
		F1103ALV /* AssetsListView.swift */ = {isa = PBXFileReference; lastKnownFileType = sourcecode.swift; path = AssetsListView.swift; sourceTree = "<group>"; };
		F1103EAV /* EditAssetView.swift */ = {isa = PBXFileReference; lastKnownFileType = sourcecode.swift; path = EditAssetView.swift; sourceTree = "<group>"; };
		F1103ASPV /* AMFISchemePickerView.swift */ = {isa = PBXFileReference; lastKnownFileType = sourcecode.swift; path = AMFISchemePickerView.swift; sourceTree = "<group>"; };
		F1103ADV /* AssetDetailView.swift */ = {isa = PBXFileReference; lastKnownFileType = sourcecode.swift; path = AssetDetailView.swift; sourceTree = "<group>"; };
		F1104NWC /* NetWorthCard.swift */ = {isa = PBXFileReference; lastKnownFileType = sourcecode.swift; path = NetWorthCard.swift; sourceTree = "<group>"; };
		F1104NWTC /* NetWorthTrendChart.swift */ = {isa = PBXFileReference; lastKnownFileType = sourcecode.swift; path = NetWorthTrendChart.swift; sourceTree = "<group>"; };
		F1104AST /* AllocationSegmentTests.swift */ = {isa = PBXFileReference; lastKnownFileType = sourcecode.swift; path = AllocationSegmentTests.swift; sourceTree = "<group>"; };
		F1102ANS /* AMFINavService.swift */ = {isa = PBXFileReference; lastKnownFileType = sourcecode.swift; path = AMFINavService.swift; sourceTree = "<group>"; };
		F1102ANST /* AMFINavServiceTests.swift */ = {isa = PBXFileReference; lastKnownFileType = sourcecode.swift; path = AMFINavServiceTests.swift; sourceTree = "<group>"; };
		F1102NWC /* NetWorthCalculator.swift */ = {isa = PBXFileReference; lastKnownFileType = sourcecode.swift; path = NetWorthCalculator.swift; sourceTree = "<group>"; };
		F1102NWSS /* NetWorthSnapshotService.swift */ = {isa = PBXFileReference; lastKnownFileType = sourcecode.swift; path = NetWorthSnapshotService.swift; sourceTree = "<group>"; };
		F1102NWAT /* NetWorthAggregationTests.swift */ = {isa = PBXFileReference; lastKnownFileType = sourcecode.swift; path = NetWorthAggregationTests.swift; sourceTree = "<group>"; };
		F905ATIT /* AccountTypeInferenceTests.swift */ = {isa = PBXFileReference; lastKnownFileType = sourcecode.swift; path = AccountTypeInferenceTests.swift; sourceTree = "<group>"; };
		F1001TDS /* TransferDetectionScorer.swift */ = {isa = PBXFileReference; lastKnownFileType = sourcecode.swift; path = TransferDetectionScorer.swift; sourceTree = "<group>"; };
		F1002TSS /* TransferScanService.swift */ = {isa = PBXFileReference; lastKnownFileType = sourcecode.swift; path = TransferScanService.swift; sourceTree = "<group>"; };
		F1003TDST /* TransferDetectionScorerTests.swift */ = {isa = PBXFileReference; lastKnownFileType = sourcecode.swift; path = TransferDetectionScorerTests.swift; sourceTree = "<group>"; };
		F1004TSST /* TransferScanServiceTests.swift */ = {isa = PBXFileReference; lastKnownFileType = sourcecode.swift; path = TransferScanServiceTests.swift; sourceTree = "<group>"; };
		F1005ABTT /* AccountBalanceTransferTests.swift */ = {isa = PBXFileReference; lastKnownFileType = sourcecode.swift; path = AccountBalanceTransferTests.swift; sourceTree = "<group>"; };
		F1006EETT /* EditExpenseTransferTests.swift */ = {isa = PBXFileReference; lastKnownFileType = sourcecode.swift; path = EditExpenseTransferTests.swift; sourceTree = "<group>"; };
		F906ACCT /* AccountCRUDTests.swift */ = {isa = PBXFileReference; lastKnownFileType = sourcecode.swift; path = AccountCRUDTests.swift; sourceTree = "<group>"; };
		F903GAAT /* GmailAccountAttributionTests.swift */ = {isa = PBXFileReference; lastKnownFileType = sourcecode.swift; path = GmailAccountAttributionTests.swift; sourceTree = "<group>"; };
		F702GFP /* GmailFetchPort.swift */ = {isa = PBXFileReference; lastKnownFileType = sourcecode.swift; path = GmailFetchPort.swift; sourceTree = "<group>"; };
		F703BEP /* BankEmailParser.swift */ = {isa = PBXFileReference; lastKnownFileType = sourcecode.swift; path = BankEmailParser.swift; sourceTree = "<group>"; };
		F703CS /* ConfidenceScorer.swift */ = {isa = PBXFileReference; lastKnownFileType = sourcecode.swift; path = ConfidenceScorer.swift; sourceTree = "<group>"; };
		F703DK /* DedupChecker.swift */ = {isa = PBXFileReference; lastKnownFileType = sourcecode.swift; path = DedupChecker.swift; sourceTree = "<group>"; };
		F703DS /* DismissedMessageStore.swift */ = {isa = PBXFileReference; lastKnownFileType = sourcecode.swift; path = DismissedMessageStore.swift; sourceTree = "<group>"; };
		F703HP /* HDFCParser.swift */ = {isa = PBXFileReference; lastKnownFileType = sourcecode.swift; path = HDFCParser.swift; sourceTree = "<group>"; };
		F703IP /* ICICIParser.swift */ = {isa = PBXFileReference; lastKnownFileType = sourcecode.swift; path = ICICIParser.swift; sourceTree = "<group>"; };
		F703CUB /* CUBParser.swift */ = {isa = PBXFileReference; lastKnownFileType = sourcecode.swift; path = CUBParser.swift; sourceTree = "<group>"; };
		F703MN /* MerchantNormalizer.swift */ = {isa = PBXFileReference; lastKnownFileType = sourcecode.swift; path = MerchantNormalizer.swift; sourceTree = "<group>"; };
		F704SGF /* SpyGmailFetch.swift */ = {isa = PBXFileReference; lastKnownFileType = sourcecode.swift; path = SpyGmailFetch.swift; sourceTree = "<group>"; };
		F705HDFC /* HDFCParserTests.swift */ = {isa = PBXFileReference; lastKnownFileType = sourcecode.swift; path = HDFCParserTests.swift; sourceTree = "<group>"; };
		F706ICICI /* ICICIParserTests.swift */ = {isa = PBXFileReference; lastKnownFileType = sourcecode.swift; path = ICICIParserTests.swift; sourceTree = "<group>"; };
		F706CUB /* CUBParserTests.swift */ = {isa = PBXFileReference; lastKnownFileType = sourcecode.swift; path = CUBParserTests.swift; sourceTree = "<group>"; };
		F706RIR /* ReviewInboxRow.swift */ = {isa = PBXFileReference; lastKnownFileType = sourcecode.swift; path = ReviewInboxRow.swift; sourceTree = "<group>"; };
		F1030TPR /* TransferPairRow.swift */ = {isa = PBXFileReference; lastKnownFileType = sourcecode.swift; path = TransferPairRow.swift; sourceTree = "<group>"; };
		F707CS /* ConfidenceScorerTests.swift */ = {isa = PBXFileReference; lastKnownFileType = sourcecode.swift; path = ConfidenceScorerTests.swift; sourceTree = "<group>"; };
		F708DC /* DedupCheckerTests.swift */ = {isa = PBXFileReference; lastKnownFileType = sourcecode.swift; path = DedupCheckerTests.swift; sourceTree = "<group>"; };
		F709MN /* MerchantNormalizerTests.swift */ = {isa = PBXFileReference; lastKnownFileType = sourcecode.swift; path = MerchantNormalizerTests.swift; sourceTree = "<group>"; };
		F710IP /* IngestionPipelineTests.swift */ = {isa = PBXFileReference; lastKnownFileType = sourcecode.swift; path = IngestionPipelineTests.swift; sourceTree = "<group>"; };
		F711FIX /* Fixtures */ = {isa = PBXFileReference; lastKnownFileType = folder; path = Fixtures; sourceTree = "<group>"; };
		F801SH /* CategoryStyle.swift */ = {isa = PBXFileReference; lastKnownFileType = sourcecode.swift; path = CategoryStyle.swift; sourceTree = "<group>"; };
		F802SH /* IconTile.swift */ = {isa = PBXFileReference; lastKnownFileType = sourcecode.swift; path = IconTile.swift; sourceTree = "<group>"; };
		F803SH /* CardStyle.swift */ = {isa = PBXFileReference; lastKnownFileType = sourcecode.swift; path = CardStyle.swift; sourceTree = "<group>"; };
		F804SH /* DonutChart.swift */ = {isa = PBXFileReference; lastKnownFileType = sourcecode.swift; path = DonutChart.swift; sourceTree = "<group>"; };
		F805SH /* StackBar.swift */ = {isa = PBXFileReference; lastKnownFileType = sourcecode.swift; path = StackBar.swift; sourceTree = "<group>"; };
		F1101SV8 /* SchemaV8.swift */ = {isa = PBXFileReference; lastKnownFileType = sourcecode.swift; path = SchemaV8.swift; sourceTree = "<group>"; };
		F1101SIP /* SIP.swift */ = {isa = PBXFileReference; lastKnownFileType = sourcecode.swift; path = SIP.swift; sourceTree = "<group>"; };
		F1101SAC /* SIPAmountChange.swift */ = {isa = PBXFileReference; lastKnownFileType = sourcecode.swift; path = SIPAmountChange.swift; sourceTree = "<group>"; };
		F1101CON /* Contribution.swift */ = {isa = PBXFileReference; lastKnownFileType = sourcecode.swift; path = Contribution.swift; sourceTree = "<group>"; };
		F1201SV9 /* SchemaV9.swift */ = {isa = PBXFileReference; lastKnownFileType = sourcecode.swift; path = SchemaV9.swift; sourceTree = "<group>"; };
		F1201RC /* RoutineCompletion.swift */ = {isa = PBXFileReference; lastKnownFileType = sourcecode.swift; path = RoutineCompletion.swift; sourceTree = "<group>"; };
		F1202SC /* StreakCalculator.swift */ = {isa = PBXFileReference; lastKnownFileType = sourcecode.swift; path = StreakCalculator.swift; sourceTree = "<group>"; };
		F1203RNS /* RoutineNotificationService.swift */ = {isa = PBXFileReference; lastKnownFileType = sourcecode.swift; path = RoutineNotificationService.swift; sourceTree = "<group>"; };
		F1203RDV /* RoutineDetailView.swift */ = {isa = PBXFileReference; lastKnownFileType = sourcecode.swift; path = RoutineDetailView.swift; sourceTree = "<group>"; };
		F1101NNS /* NPSNavService.swift */ = {isa = PBXFileReference; lastKnownFileType = sourcecode.swift; path = NPSNavService.swift; sourceTree = "<group>"; };
		F1101SAS /* SIPAccrualService.swift */ = {isa = PBXFileReference; lastKnownFileType = sourcecode.swift; path = SIPAccrualService.swift; sourceTree = "<group>"; };
		F1101NSP /* NPSSchemePickerView.swift */ = {isa = PBXFileReference; lastKnownFileType = sourcecode.swift; path = NPSSchemePickerView.swift; sourceTree = "<group>"; };
		F1101SSV /* SIPSetupView.swift */ = {isa = PBXFileReference; lastKnownFileType = sourcecode.swift; path = SIPSetupView.swift; sourceTree = "<group>"; };
		F1101CLV /* ContributionLogView.swift */ = {isa = PBXFileReference; lastKnownFileType = sourcecode.swift; path = ContributionLogView.swift; sourceTree = "<group>"; };
		F1101RCV /* ReconcileView.swift */ = {isa = PBXFileReference; lastKnownFileType = sourcecode.swift; path = ReconcileView.swift; sourceTree = "<group>"; };
		F1101SV8MT /* SchemaV8MigrationTests.swift */ = {isa = PBXFileReference; lastKnownFileType = sourcecode.swift; path = SchemaV8MigrationTests.swift; sourceTree = "<group>"; };
		F1201SV9MT /* SchemaV9MigrationTests.swift */ = {isa = PBXFileReference; lastKnownFileType = sourcecode.swift; path = SchemaV9MigrationTests.swift; sourceTree = "<group>"; };
		F1201SCT /* StreakCalculatorTests.swift */ = {isa = PBXFileReference; lastKnownFileType = sourcecode.swift; path = StreakCalculatorTests.swift; sourceTree = "<group>"; };
		F1201RNST /* RoutineNotificationServiceTests.swift */ = {isa = PBXFileReference; lastKnownFileType = sourcecode.swift; path = RoutineNotificationServiceTests.swift; sourceTree = "<group>"; };
		F1201NRT /* NoteReorderTests.swift */ = {isa = PBXFileReference; lastKnownFileType = sourcecode.swift; path = NoteReorderTests.swift; sourceTree = "<group>"; };
		F1204RCT /* RoutineCalendarTests.swift */ = {isa = PBXFileReference; lastKnownFileType = sourcecode.swift; path = RoutineCalendarTests.swift; sourceTree = "<group>"; };
		F1101NNST /* NPSNavServiceTests.swift */ = {isa = PBXFileReference; lastKnownFileType = sourcecode.swift; path = NPSNavServiceTests.swift; sourceTree = "<group>"; };
		F1101SAST /* SIPAccrualServiceTests.swift */ = {isa = PBXFileReference; lastKnownFileType = sourcecode.swift; path = SIPAccrualServiceTests.swift; sourceTree = "<group>"; };
		F1101RCT /* ReconcileTests.swift */ = {isa = PBXFileReference; lastKnownFileType = sourcecode.swift; path = ReconcileTests.swift; sourceTree = "<group>"; };
		F1101SSVT /* SIPSetupValidationTests.swift */ = {isa = PBXFileReference; lastKnownFileType = sourcecode.swift; path = SIPSetupValidationTests.swift; sourceTree = "<group>"; };
		F13DS1 /* DesignTokens.swift */ = {isa = PBXFileReference; lastKnownFileType = sourcecode.swift; path = DesignTokens.swift; sourceTree = "<group>"; };
		F13NS /* NeuSurface.swift */ = {isa = PBXFileReference; lastKnownFileType = sourcecode.swift; path = NeuSurface.swift; sourceTree = "<group>"; };
		F13NTB /* NeuTabBar.swift */ = {isa = PBXFileReference; lastKnownFileType = sourcecode.swift; path = NeuTabBar.swift; sourceTree = "<group>"; };
		F13RMT /* RollingMoneyText.swift */ = {isa = PBXFileReference; lastKnownFileType = sourcecode.swift; path = RollingMoneyText.swift; sourceTree = "<group>"; };
		F13DST /* DesignTokensTests.swift */ = {isa = PBXFileReference; lastKnownFileType = sourcecode.swift; path = DesignTokensTests.swift; sourceTree = "<group>"; };
		F13RMTT /* RollingMoneyTextTests.swift */ = {isa = PBXFileReference; lastKnownFileType = sourcecode.swift; path = RollingMoneyTextTests.swift; sourceTree = "<group>"; };
/* End PBXFileReference section */

/* Begin PBXFrameworksBuildPhase section */
		B001 /* Frameworks */ = {
			isa = PBXFrameworksBuildPhase;
			buildActionMask = 2147483647;
			files = (
			);
			runOnlyForDeploymentPostprocessing = 0;
		};
		B002 /* Frameworks */ = {
			isa = PBXFrameworksBuildPhase;
			buildActionMask = 2147483647;
			files = (
			);
			runOnlyForDeploymentPostprocessing = 0;
		};
/* End PBXFrameworksBuildPhase section */

/* Begin PBXGroup section */
		G000 = {
			isa = PBXGroup;
			children = (
				G100 /* MyHomeApp */,
				G200 /* MyHomeTests */,
				G900 /* Products */,
			);
			sourceTree = "<group>";
		};
		G100 /* MyHomeApp */ = {
			isa = PBXGroup;
			children = (
				F101 /* MyHomeApp.swift */,
				F102 /* RootView.swift */,
				F106 /* MyHome.entitlements */,
				F105 /* Info.plist */,
				G_DS /* DesignSystem */,
				G110 /* Resources */,
				G120 /* Features */,
				G130 /* Persistence */,
				G140 /* Support */,
				G150 /* Security */,
				G160 /* Gmail */,
			);
			path = MyHomeApp;
			sourceTree = "<group>";
		};
		G_DS /* DesignSystem */ = {
			isa = PBXGroup;
			children = (
				F13DS1 /* DesignTokens.swift */,
				F13NS /* NeuSurface.swift */,
				F13NTB /* NeuTabBar.swift */,
				F13RMT /* RollingMoneyText.swift */,
			);
			path = DesignSystem;
			sourceTree = "<group>";
		};
		G110 /* Resources */ = {
			isa = PBXGroup;
			children = (
				F103 /* Assets.xcassets */,
				F104 /* PrivacyInfo.xcprivacy */,
			);
			path = Resources;
			sourceTree = "<group>";
		};
		G120 /* Features */ = {
			isa = PBXGroup;
			children = (
				G124 /* Overview */,
				G121 /* Expenses */,
				G122 /* Budgets */,
				G123 /* Notes */,
				G125 /* Settings */,
				G126 /* Gmail */,
				G127 /* Ingestion */,
				G128 /* Shared */,
				G1103 /* Assets */,
			);
			path = Features;
			sourceTree = "<group>";
		};
		G1103 /* Assets */ = {
			isa = PBXGroup;
			children = (
				F1103SV /* StalenessView.swift */,
				F1103ALV /* AssetsListView.swift */,
				F1103EAV /* EditAssetView.swift */,
				F1103ASPV /* AMFISchemePickerView.swift */,
				F1103ADV /* AssetDetailView.swift */,
				F1104NWC /* NetWorthCard.swift */,
				F1104NWTC /* NetWorthTrendChart.swift */,
				F1101NSP /* NPSSchemePickerView.swift */,
				F1101SSV /* SIPSetupView.swift */,
				F1101CLV /* ContributionLogView.swift */,
				F1101RCV /* ReconcileView.swift */,
			);
			path = Assets;
			sourceTree = "<group>";
		};
		G121 /* Expenses */ = {
			isa = PBXGroup;
			children = (
				F121 /* DecimalKeypadView.swift */,
				F122 /* AddExpenseView.swift */,
				F123 /* ExpenseListView.swift */,
				F124 /* ExpenseRow.swift */,
				F706RIR /* ReviewInboxRow.swift */,
				F1030TPR /* TransferPairRow.swift */,
				F125 /* EditExpenseView.swift */,
				F126 /* CategoryPickerView.swift */,
				F903APV /* AccountPickerView.swift */,
			);
			path = Expenses;
			sourceTree = "<group>";
		};
		G122 /* Budgets */ = {
			isa = PBXGroup;
			children = (
				F127 /* BudgetProgressView.swift */,
				F128 /* BudgetCategoryCard.swift */,
				F129 /* EditBudgetSheet.swift */,
				F130 /* ManageCategoriesView.swift */,
				F131 /* FilteredExpenseListView.swift */,
				F132 /* BudgetsView.swift */,
			);
			path = Budgets;
			sourceTree = "<group>";
		};
		G123 /* Notes */ = {
			isa = PBXGroup;
			children = (
				F151NHV /* NotesHomeView.swift */,
				F152NLV /* NotesListView.swift */,
				F153NRW /* NoteRow.swift */,
				F154ANV /* AddNoteView.swift */,
				F155ENV /* EditNoteView.swift */,
				F156REV /* ReminderEditView.swift */,
				F157CV /* CalendarView.swift */,
				F158RRS /* RoutineResetService.swift */,
				F1202SC /* StreakCalculator.swift */,
				F1203RNS /* RoutineNotificationService.swift */,
				F1203RDV /* RoutineDetailView.swift */,
			);
			path = Notes;
			sourceTree = "<group>";
		};
		G124 /* Overview */ = {
			isa = PBXGroup;
			children = (
				F411 /* OverviewView.swift */,
				F1402SDC /* SpendDonutCard.swift */,
				F406 /* SpendBudgetCard.swift */,
				F407 /* TopCategoriesCard.swift */,
				F408 /* PinnedNoteCard.swift */,
				F409 /* SpendByCategoryChart.swift */,
				F410 /* SpendOverTimeChart.swift */,
			);
			path = Overview;
			sourceTree = "<group>";
		};
		G125 /* Settings */ = {
			isa = PBXGroup;
			children = (
				F601 /* UnlockView.swift */,
				F602 /* SettingsView.swift */,
				F910ALV /* AccountsListView.swift */,
				F911EAV /* EditAccountView.swift */,
				F912ADV /* AccountDetailView.swift */,
				F913MRS /* MigrationReviewSheet.swift */,
			);
			path = Settings;
			sourceTree = "<group>";
		};
		G126 /* Gmail */ = {
			isa = PBXGroup;
			children = (
				F613GSC /* GmailSyncController.swift */,
				F613GAS /* GmailAccountStore.swift */,
				F903AAH /* AccountAttributionHelper.swift */,
				F1001TDS /* TransferDetectionScorer.swift */,
				F1002TSS /* TransferScanService.swift */,
			);
			path = Gmail;
			sourceTree = "<group>";
		};
		G127 /* Ingestion */ = {
			isa = PBXGroup;
			children = (
				F703BEP /* BankEmailParser.swift */,
				F703MN /* MerchantNormalizer.swift */,
				F703CS /* ConfidenceScorer.swift */,
				F703DK /* DedupChecker.swift */,
				F703DS /* DismissedMessageStore.swift */,
				F703HP /* HDFCParser.swift */,
				F703IP /* ICICIParser.swift */,
				F703CUB /* CUBParser.swift */,
			);
			path = Ingestion;
			sourceTree = "<group>";
		};
		G128 /* Shared */ = {
			isa = PBXGroup;
			children = (
				F801SH /* CategoryStyle.swift */,
				F802SH /* IconTile.swift */,
				F803SH /* CardStyle.swift */,
				F804SH /* DonutChart.swift */,
				F805SH /* StackBar.swift */,
			);
			path = Shared;
			sourceTree = "<group>";
		};
		G130 /* Persistence */ = {
			isa = PBXGroup;
			children = (
				F114 /* ModelContainer+App.swift */,
				G131 /* Schema */,
				G132 /* Models */,
			);
			path = Persistence;
			sourceTree = "<group>";
		};
		G131 /* Schema */ = {
			isa = PBXGroup;
			children = (
				F111 /* SchemaV1.swift */,
				F112 /* MigrationPlan.swift */,
				F117 /* SchemaV2.swift */,
				F119V3 /* SchemaV3.swift */,
				F701SV4 /* SchemaV4.swift */,
				F701SV5 /* SchemaV5.swift */,
				F701SV6 /* SchemaV6.swift */,
				F701SV7 /* SchemaV7.swift */,
				F1101SV8 /* SchemaV8.swift */,
				F1201SV9 /* SchemaV9.swift */,
			);
			path = Schema;
			sourceTree = "<group>";
		};
		G132 /* Models */ = {
			isa = PBXGroup;
			children = (
				F113 /* Expense.swift */,
				F118 /* Category.swift */,
				F120RV /* ReminderValueTypes.swift */,
				F133N /* Note.swift */,
				F134NB /* NoteBlock.swift */,
				F901ACC /* Account.swift */,
				F902AST /* Asset.swift */,
				F911NWS /* NetWorthSnapshot.swift */,
				F1101SIP /* SIP.swift */,
				F1101SAC /* SIPAmountChange.swift */,
				F1101CON /* Contribution.swift */,
				F1201RC /* RoutineCompletion.swift */,
			);
			path = Models;
			sourceTree = "<group>";
		};
		G140 /* Support */ = {
			isa = PBXGroup;
			children = (
				F115 /* Decimal+INR.swift */,
				F116 /* Date+Display.swift */,
				F119 /* BudgetCalculator.swift */,
				F140NCP /* NotificationCenterPort.swift */,
				F141NS /* NotificationScheduler.swift */,
				F142NLO /* NoteListOrganizer.swift */,
				F143NSF /* NoteSearchFilter.swift */,
				F144CA /* CalendarAggregator.swift */,
				F145NA /* NotificationActions.swift */,
				F404 /* SpendOverTimeAggregator.swift */,
				F405 /* OverviewAggregation.swift */,
				F1401SDA /* SpendDonutAggregation.swift */,
				F907ABS /* AccountBalance.swift */,
				F908CHX /* Color+Hex.swift */,
				F1102ANS /* AMFINavService.swift */,
				F1102NWC /* NetWorthCalculator.swift */,
				F1102NWSS /* NetWorthSnapshotService.swift */,
				F1101NNS /* NPSNavService.swift */,
				F1101SAS /* SIPAccrualService.swift */,
			);
			path = Support;
			sourceTree = "<group>";
		};
		G150 /* Security */ = {
			isa = PBXGroup;
			children = (
				F501 /* BiometricAuthPort.swift */,
				F504 /* LockController.swift */,
			);
			path = Security;
			sourceTree = "<group>";
		};
		G160 /* Gmail */ = {
			isa = PBXGroup;
			children = (
				F610GAP /* GmailAuthPort.swift */,
				F702GFP /* GmailFetchPort.swift */,
				F611KP /* KeychainPort.swift */,
				F612PKCE /* PKCE.swift */,
				F621RT /* RelativeTimestamp.swift */,
				F622GOC /* GmailOAuthConfig.swift */,
			);
			path = Gmail;
			sourceTree = "<group>";
		};
		G200 /* MyHomeTests */ = {
			isa = PBXGroup;
			children = (
				F201 /* ExpenseModelTests.swift */,
				F202 /* MigrationTests.swift */,
				F204 /* CategorySeedTests.swift */,
				F205 /* CategoryCRUDTests.swift */,
				F206 /* ExpenseCategoryTests.swift */,
				F207 /* BudgetModelTests.swift */,
				F208 /* BudgetCalculatorTests.swift */,
				F302 /* NoteModelTests.swift */,
				F303 /* NoteListOrderingTests.swift */,
				F304 /* NoteSearchTests.swift */,
				F305 /* AutoSaveTests.swift */,
				F306 /* NotificationSchedulerTests.swift */,
				F307 /* RecurrenceTests.swift */,
				F308 /* CalendarAggregationTests.swift */,
				F401 /* SpendOverTimeAggregatorTests.swift */,
				F402 /* OverviewAggregationTests.swift */,
				F1401SDAT /* SpendDonutAggregationTests.swift */,
				F1402SDCT /* SpendDonutCardTests.swift */,
				F403 /* DecimalINRTests.swift */,
				F503 /* LockStateTests.swift */,
				F603 /* LockSettingsTests.swift */,
				F616PT /* PKCETests.swift */,
				F617GAUT /* GmailAuthURLTests.swift */,
				F618KPT /* KeychainPortTests.swift */,
				F619GSCT /* GmailSyncControllerTests.swift */,
				F620RTT /* RelativeTimestampTests.swift */,
				F705HDFC /* HDFCParserTests.swift */,
				F706ICICI /* ICICIParserTests.swift */,
				F706CUB /* CUBParserTests.swift */,
				F707CS /* ConfidenceScorerTests.swift */,
				F708DC /* DedupCheckerTests.swift */,
				F709MN /* MerchantNormalizerTests.swift */,
				F710IP /* IngestionPipelineTests.swift */,
				F619MAGT /* MultiAccountGmailTests.swift */,
				F903SV6MT /* SchemaV6MigrationTests.swift */,
				F904ABT /* AccountBalanceTests.swift */,
				F1101SV7MT /* SchemaV7MigrationTests.swift */,
				F1102ACRT /* AssetCRUDTests.swift */,
				F1103AVT /* AssetValueTests.swift */,
				F1104NWST /* NetWorthSnapshotTests.swift */,
				F1102ANST /* AMFINavServiceTests.swift */,
				F1102NWAT /* NetWorthAggregationTests.swift */,
				F1103SBT /* StalenessBadgeTests.swift */,
				F1103AGLT /* AssetGainLossTests.swift */,
				F1104AST /* AllocationSegmentTests.swift */,
				F905ATIT /* AccountTypeInferenceTests.swift */,
				F906ACCT /* AccountCRUDTests.swift */,
				F903GAAT /* GmailAccountAttributionTests.swift */,
				F1003TDST /* TransferDetectionScorerTests.swift */,
				F1004TSST /* TransferScanServiceTests.swift */,
				F1005ABTT /* AccountBalanceTransferTests.swift */,
				F1006EETT /* EditExpenseTransferTests.swift */,
				F1101SV8MT /* SchemaV8MigrationTests.swift */,
				F1201SV9MT /* SchemaV9MigrationTests.swift */,
				F1201SCT /* StreakCalculatorTests.swift */,
				F1201RNST /* RoutineNotificationServiceTests.swift */,
				F1201NRT /* NoteReorderTests.swift */,
				F1204RCT /* RoutineCalendarTests.swift */,
				F1101NNST /* NPSNavServiceTests.swift */,
				F1101SAST /* SIPAccrualServiceTests.swift */,
				F1101RCT /* ReconcileTests.swift */,
				F1101SSVT /* SIPSetupValidationTests.swift */,
				F13DST /* DesignTokensTests.swift */,
				F13RMTT /* RollingMoneyTextTests.swift */,
				G210 /* Resources */,
				G220 /* Support */,
			);
			path = MyHomeTests;
			sourceTree = "<group>";
		};
		G210 /* Resources */ = {
			isa = PBXGroup;
			children = (
				F203 /* MyHomeV1Seed.store */,
				F310 /* MyHomeV2Seed.store */,
				F711FIX /* Fixtures */,
			);
			path = Resources;
			sourceTree = "<group>";
		};
		G220 /* Support */ = {
			isa = PBXGroup;
			children = (
				F301 /* SpyCenter.swift */,
				F502 /* SpyBiometricAuth.swift */,
				F614SGA /* SpyGmailAuth.swift */,
				F615SKS /* SpyKeychainStore.swift */,
				F704SGF /* SpyGmailFetch.swift */,
			);
			path = Support;
			sourceTree = "<group>";
		};
		G900 /* Products */ = {
			isa = PBXGroup;
			children = (
				F001 /* MyHome.app */,
				F002 /* MyHomeTests.xctest */,
			);
			name = Products;
			sourceTree = "<group>";
		};
/* End PBXGroup section */

/* Begin PBXNativeTarget section */
		T001 /* MyHome */ = {
			isa = PBXNativeTarget;
			buildConfigurationList = XC001 /* Build configuration list for PBXNativeTarget "MyHome" */;
			buildPhases = (
				P001 /* Sources */,
				B001 /* Frameworks */,
				P002 /* Resources */,
			);
			buildRules = (
			);
			dependencies = (
			);
			name = MyHome;
			packageProductDependencies = (
			);
			productName = MyHome;
			productReference = F001 /* MyHome.app */;
			productType = "com.apple.product-type.application";
		};
		T002 /* MyHomeTests */ = {
			isa = PBXNativeTarget;
			buildConfigurationList = XC002 /* Build configuration list for PBXNativeTarget "MyHomeTests" */;
			buildPhases = (
				P003 /* Sources */,
				B002 /* Frameworks */,
				P004 /* Resources */,
			);
			buildRules = (
			);
			dependencies = (
				D001 /* PBXTargetDependency */,
			);
			name = MyHomeTests;
			packageProductDependencies = (
			);
			productName = MyHomeTests;
			productReference = F002 /* MyHomeTests.xctest */;
			productType = "com.apple.product-type.bundle.unit-test";
		};
/* End PBXNativeTarget section */

/* Begin PBXProject section */
		PROJ /* Project object */ = {
			isa = PBXProject;
			attributes = {
				BuildIndependentTargetsInParallel = 1;
				LastSwiftUpdateCheck = 1600;
				LastUpgradeCheck = 1600;
				TargetAttributes = {
					T001 = {
						CreatedOnToolsVersion = 16.0;
					};
					T002 = {
						CreatedOnToolsVersion = 16.0;
						TestTargetID = T001;
					};
				};
			};
			buildConfigurationList = XC000 /* Build configuration list for PBXProject "MyHome" */;
			compatibilityVersion = "Xcode 14.0";
			developmentRegion = en;
			hasScannedForEncodings = 0;
			knownRegions = (
				en,
				Base,
			);
			mainGroup = G000;
			packageReferences = (
			);
			productRefGroup = G900 /* Products */;
			projectDirPath = "";
			projectRoot = "";
			targets = (
				T001 /* MyHome */,
				T002 /* MyHomeTests */,
			);
		};
/* End PBXProject section */

/* Begin PBXResourcesBuildPhase section */
		P002 /* Resources */ = {
			isa = PBXResourcesBuildPhase;
			buildActionMask = 2147483647;
			files = (
				A103 /* Assets.xcassets in Resources */,
				A104 /* PrivacyInfo.xcprivacy in Resources */,
			);
			runOnlyForDeploymentPostprocessing = 0;
		};
		P004 /* Resources */ = {
			isa = PBXResourcesBuildPhase;
			buildActionMask = 2147483647;
			files = (
				A203 /* MyHomeV1Seed.store in Resources */,
				A310 /* MyHomeV2Seed.store in Resources */,
				A711FIX /* Fixtures in Resources */,
			);
			runOnlyForDeploymentPostprocessing = 0;
		};
/* End PBXResourcesBuildPhase section */

/* Begin PBXSourcesBuildPhase section */
		P001 /* Sources */ = {
			isa = PBXSourcesBuildPhase;
			buildActionMask = 2147483647;
			files = (
				A101 /* MyHomeApp.swift in Sources */,
				A102 /* RootView.swift in Sources */,
				A111 /* SchemaV1.swift in Sources */,
				A112 /* MigrationPlan.swift in Sources */,
				A117 /* SchemaV2.swift in Sources */,
				A119V3 /* SchemaV3.swift in Sources */,
				A120RV /* ReminderValueTypes.swift in Sources */,
				A133N /* Note.swift in Sources */,
				A134NB /* NoteBlock.swift in Sources */,
				A113 /* Expense.swift in Sources */,
				A118 /* Category.swift in Sources */,
				A114 /* ModelContainer+App.swift in Sources */,
				A115 /* Decimal+INR.swift in Sources */,
				A116 /* Date+Display.swift in Sources */,
				A907ABS /* AccountBalance.swift in Sources */,
				A908CHX /* Color+Hex.swift in Sources */,
				A1102ANS /* AMFINavService.swift in Sources */,
				A1102NWC /* NetWorthCalculator.swift in Sources */,
				A1102NWSS /* NetWorthSnapshotService.swift in Sources */,
				A121 /* DecimalKeypadView.swift in Sources */,
				A122 /* AddExpenseView.swift in Sources */,
				A123 /* ExpenseListView.swift in Sources */,
				A124 /* ExpenseRow.swift in Sources */,
				A706RIR /* ReviewInboxRow.swift in Sources */,
				A1030TPR /* TransferPairRow.swift in Sources */,
				A125 /* EditExpenseView.swift in Sources */,
				A126 /* CategoryPickerView.swift in Sources */,
				A903APV /* AccountPickerView.swift in Sources */,
				A119 /* BudgetCalculator.swift in Sources */,
				A140NCP /* NotificationCenterPort.swift in Sources */,
				A141NS /* NotificationScheduler.swift in Sources */,
				A142NLO /* NoteListOrganizer.swift in Sources */,
				A143NSF /* NoteSearchFilter.swift in Sources */,
				A144CA /* CalendarAggregator.swift in Sources */,
				A151NHV /* NotesHomeView.swift in Sources */,
				A152NLV /* NotesListView.swift in Sources */,
				A153NRW /* NoteRow.swift in Sources */,
				A154ANV /* AddNoteView.swift in Sources */,
				A155ENV /* EditNoteView.swift in Sources */,
				A156REV /* ReminderEditView.swift in Sources */,
				A157CV /* CalendarView.swift in Sources */,
				A158RRS /* RoutineResetService.swift in Sources */,
				A1202SC /* StreakCalculator.swift in Sources */,
				A1203RNS /* RoutineNotificationService.swift in Sources */,
				A1203RDV /* RoutineDetailView.swift in Sources */,
				A145NA /* NotificationActions.swift in Sources */,
				A404 /* SpendOverTimeAggregator.swift in Sources */,
				A405 /* OverviewAggregation.swift in Sources */,
				A1401SDA /* SpendDonutAggregation.swift in Sources */,
				A411 /* OverviewView.swift in Sources */,
				A1402SDC /* SpendDonutCard.swift in Sources */,
				A801SH /* CategoryStyle.swift in Sources */,
				A802SH /* IconTile.swift in Sources */,
				A803SH /* CardStyle.swift in Sources */,
				A804SH /* DonutChart.swift in Sources */,
				A805SH /* StackBar.swift in Sources */,
				A406 /* SpendBudgetCard.swift in Sources */,
				A407 /* TopCategoriesCard.swift in Sources */,
				A408 /* PinnedNoteCard.swift in Sources */,
				A409 /* SpendByCategoryChart.swift in Sources */,
				A410 /* SpendOverTimeChart.swift in Sources */,
				A127 /* BudgetProgressView.swift in Sources */,
				A128 /* BudgetCategoryCard.swift in Sources */,
				A129 /* EditBudgetSheet.swift in Sources */,
				A130 /* ManageCategoriesView.swift in Sources */,
				A131 /* FilteredExpenseListView.swift in Sources */,
				A132 /* BudgetsView.swift in Sources */,
				A601 /* UnlockView.swift in Sources */,
				A602 /* SettingsView.swift in Sources */,
				A910ALV /* AccountsListView.swift in Sources */,
				A911EAV /* EditAccountView.swift in Sources */,
				A912ADV /* AccountDetailView.swift in Sources */,
				A913MRS /* MigrationReviewSheet.swift in Sources */,
				A1103SV /* StalenessView.swift in Sources */,
				A1103ALV /* AssetsListView.swift in Sources */,
				A1103EAV /* EditAssetView.swift in Sources */,
				A1103ASPV /* AMFISchemePickerView.swift in Sources */,
				A1103ADV /* AssetDetailView.swift in Sources */,
				A1104NWC /* NetWorthCard.swift in Sources */,
				A1104NWTC /* NetWorthTrendChart.swift in Sources */,
				A501 /* BiometricAuthPort.swift in Sources */,
				A504 /* LockController.swift in Sources */,
				A610GAP /* GmailAuthPort.swift in Sources */,
				A702GFP /* GmailFetchPort.swift in Sources */,
				A611KP /* KeychainPort.swift in Sources */,
				A612PKCE /* PKCE.swift in Sources */,
				A613GSC /* GmailSyncController.swift in Sources */,
				A613GAS /* GmailAccountStore.swift in Sources */,
				A903AAH /* AccountAttributionHelper.swift in Sources */,
				A1001TDS /* TransferDetectionScorer.swift in Sources */,
				A1002TSS /* TransferScanService.swift in Sources */,
				A621RT /* RelativeTimestamp.swift in Sources */,
				A622GOC /* GmailOAuthConfig.swift in Sources */,
				A701SV4 /* SchemaV4.swift in Sources */,
				A701SV5 /* SchemaV5.swift in Sources */,
				A701SV6 /* SchemaV6.swift in Sources */,
				A701SV7 /* SchemaV7.swift in Sources */,
				A1101SV8 /* SchemaV8.swift in Sources */,
				A1201SV9 /* SchemaV9.swift in Sources */,
				A901ACC /* Account.swift in Sources */,
				A902AST /* Asset.swift in Sources */,
				A911NWS /* NetWorthSnapshot.swift in Sources */,
				A1101SIP /* SIP.swift in Sources */,
				A1101SAC /* SIPAmountChange.swift in Sources */,
				A1101CON /* Contribution.swift in Sources */,
				A1201RC /* RoutineCompletion.swift in Sources */,
				A1101NNS /* NPSNavService.swift in Sources */,
				A1101SAS /* SIPAccrualService.swift in Sources */,
				A1101NSP /* NPSSchemePickerView.swift in Sources */,
				A1101SSV /* SIPSetupView.swift in Sources */,
				A1101CLV /* ContributionLogView.swift in Sources */,
				A1101RCV /* ReconcileView.swift in Sources */,
				A703BEP /* BankEmailParser.swift in Sources */,
				A703MN /* MerchantNormalizer.swift in Sources */,
				A703CS /* ConfidenceScorer.swift in Sources */,
				A703DK /* DedupChecker.swift in Sources */,
				A703DS /* DismissedMessageStore.swift in Sources */,
				A703HP /* HDFCParser.swift in Sources */,
				A703IP /* ICICIParser.swift in Sources */,
				A703CUB /* CUBParser.swift in Sources */,
				A13DS1 /* DesignTokens.swift in Sources */,
				A13NS /* NeuSurface.swift in Sources */,
				A13NTB /* NeuTabBar.swift in Sources */,
				A13RMT /* RollingMoneyText.swift in Sources */,
			);
			runOnlyForDeploymentPostprocessing = 0;
		};
		P003 /* Sources */ = {
			isa = PBXSourcesBuildPhase;
			buildActionMask = 2147483647;
			files = (
				A201 /* ExpenseModelTests.swift in Sources */,
				A202 /* MigrationTests.swift in Sources */,
				A204 /* CategorySeedTests.swift in Sources */,
				A205 /* CategoryCRUDTests.swift in Sources */,
				A206 /* ExpenseCategoryTests.swift in Sources */,
				A207 /* BudgetModelTests.swift in Sources */,
				A208 /* BudgetCalculatorTests.swift in Sources */,
				A301 /* SpyCenter.swift in Sources */,
				A302 /* NoteModelTests.swift in Sources */,
				A303 /* NoteListOrderingTests.swift in Sources */,
				A304 /* NoteSearchTests.swift in Sources */,
				A305 /* AutoSaveTests.swift in Sources */,
				A306 /* NotificationSchedulerTests.swift in Sources */,
				A307 /* RecurrenceTests.swift in Sources */,
				A308 /* CalendarAggregationTests.swift in Sources */,
				A401 /* SpendOverTimeAggregatorTests.swift in Sources */,
				A402 /* OverviewAggregationTests.swift in Sources */,
				A1401SDAT /* SpendDonutAggregationTests.swift in Sources */,
				A1402SDCT /* SpendDonutCardTests.swift in Sources */,
				A403 /* DecimalINRTests.swift in Sources */,
				A502 /* SpyBiometricAuth.swift in Sources */,
				A503 /* LockStateTests.swift in Sources */,
				A603 /* LockSettingsTests.swift in Sources */,
				A614SGA /* SpyGmailAuth.swift in Sources */,
				A615SKS /* SpyKeychainStore.swift in Sources */,
				A704SGF /* SpyGmailFetch.swift in Sources */,
				A616PT /* PKCETests.swift in Sources */,
				A617GAUT /* GmailAuthURLTests.swift in Sources */,
				A618KPT /* KeychainPortTests.swift in Sources */,
				A619GSCT /* GmailSyncControllerTests.swift in Sources */,
				A620RTT /* RelativeTimestampTests.swift in Sources */,
				A705HDFC /* HDFCParserTests.swift in Sources */,
				A706ICICI /* ICICIParserTests.swift in Sources */,
				A706CUB /* CUBParserTests.swift in Sources */,
				A707CS /* ConfidenceScorerTests.swift in Sources */,
				A708DC /* DedupCheckerTests.swift in Sources */,
				A709MN /* MerchantNormalizerTests.swift in Sources */,
				A710IP /* IngestionPipelineTests.swift in Sources */,
				A619MAGT /* MultiAccountGmailTests.swift in Sources */,
				A903SV6MT /* SchemaV6MigrationTests.swift in Sources */,
				A904ABT /* AccountBalanceTests.swift in Sources */,
				A1101SV7MT /* SchemaV7MigrationTests.swift in Sources */,
				A1102ACRT /* AssetCRUDTests.swift in Sources */,
				A1103AVT /* AssetValueTests.swift in Sources */,
				A1104NWST /* NetWorthSnapshotTests.swift in Sources */,
				A1102ANST /* AMFINavServiceTests.swift in Sources */,
				A1102NWAT /* NetWorthAggregationTests.swift in Sources */,
				A1103SBT /* StalenessBadgeTests.swift in Sources */,
				A1103AGLT /* AssetGainLossTests.swift in Sources */,
				A1104AST /* AllocationSegmentTests.swift in Sources */,
				A905ATIT /* AccountTypeInferenceTests.swift in Sources */,
				A906ACCT /* AccountCRUDTests.swift in Sources */,
				A903GAAT /* GmailAccountAttributionTests.swift in Sources */,
				A1003TDST /* TransferDetectionScorerTests.swift in Sources */,
				A1004TSST /* TransferScanServiceTests.swift in Sources */,
				A1005ABTT /* AccountBalanceTransferTests.swift in Sources */,
				A1006EETT /* EditExpenseTransferTests.swift in Sources */,
				A1101SV8MT /* SchemaV8MigrationTests.swift in Sources */,
				A1201SV9MT /* SchemaV9MigrationTests.swift in Sources */,
				A1201SCT /* StreakCalculatorTests.swift in Sources */,
				A1201RNST /* RoutineNotificationServiceTests.swift in Sources */,
				A1201NRT /* NoteReorderTests.swift in Sources */,
				A1204RCT /* RoutineCalendarTests.swift in Sources */,
				A1101NNST /* NPSNavServiceTests.swift in Sources */,
				A1101SAST /* SIPAccrualServiceTests.swift in Sources */,
				A1101RCT /* ReconcileTests.swift in Sources */,
				A1101SSVT /* SIPSetupValidationTests.swift in Sources */,
				A13DST /* DesignTokensTests.swift in Sources */,
				A13RMTT /* RollingMoneyTextTests.swift in Sources */,
			);
			runOnlyForDeploymentPostprocessing = 0;
		};
/* End PBXSourcesBuildPhase section */

/* Begin PBXTargetDependency section */
		D001 /* PBXTargetDependency */ = {
			isa = PBXTargetDependency;
			target = T001 /* MyHome */;
			targetProxy = D001P /* PBXContainerItemProxy */;
		};
/* End PBXTargetDependency section */

/* Begin XCBuildConfiguration section */
		C001 /* Debug */ = {
			isa = XCBuildConfiguration;
			buildSettings = {
				ALWAYS_SEARCH_USER_PATHS = NO;
				ASSETCATALOG_COMPILER_GENERATE_SWIFT_ASSET_SYMBOL_EXTENSIONS = YES;
				CLANG_ANALYZER_NONNULL = YES;
				CLANG_ANALYZER_NUMBER_OBJECT_CONVERSION = YES_AGGRESSIVE;
				CLANG_CXX_LANGUAGE_STANDARD = "gnu++20";
				CLANG_ENABLE_MODULES = YES;
				CLANG_ENABLE_OBJC_ARC = YES;
				CLANG_ENABLE_OBJC_WEAK = YES;
				CLANG_WARN_BLOCK_CAPTURE_AUTORELEASING = YES;
				CLANG_WARN_BOOL_CONVERSION = YES;
				CLANG_WARN_COMMA = YES;
				CLANG_WARN_CONSTANT_CONVERSION = YES;
				CLANG_WARN_DEPRECATED_OBJC_IMPLEMENTATIONS = YES;
				CLANG_WARN_DIRECT_OBJC_ISA_USAGE = YES_ERROR;
				CLANG_WARN_DOCUMENTATION_COMMENTS = YES;
				CLANG_WARN_EMPTY_BODY = YES;
				CLANG_WARN_ENUM_CONVERSION = YES;
				CLANG_WARN_INFINITE_RECURSION = YES;
				CLANG_WARN_INT_CONVERSION = YES;
				CLANG_WARN_NON_LITERAL_NULL_CONVERSION = YES;
				CLANG_WARN_OBJC_IMPLICIT_RETAIN_SELF = YES;
				CLANG_WARN_OBJC_LITERAL_CONVERSION = YES;
				CLANG_WARN_OBJC_ROOT_CLASS = YES_ERROR;
				CLANG_WARN_QUOTED_INCLUDE_IN_FRAMEWORK_HEADER = YES;
				CLANG_WARN_RANGE_LOOP_ANALYSIS = YES;
				CLANG_WARN_STRICT_PROTOTYPES = YES;
				CLANG_WARN_SUSPICIOUS_MOVE = YES;
				CLANG_WARN_UNGUARDED_AVAILABILITY = YES_AGGRESSIVE;
				CLANG_WARN_UNREACHABLE_CODE = YES;
				CLANG_WARN__DUPLICATE_METHOD_MATCH = YES;
				COPY_PHASE_STRIP = NO;
				DEBUG_INFORMATION_FORMAT = dwarf;
				ENABLE_STRICT_OBJC_MSGSEND = YES;
				ENABLE_TESTABILITY = YES;
				ENABLE_USER_SCRIPT_SANDBOXING = YES;
				GCC_C_LANGUAGE_STANDARD = gnu17;
				GCC_DYNAMIC_NO_PIC = NO;
				GCC_NO_COMMON_BLOCKS = YES;
				GCC_OPTIMIZATION_LEVEL = 0;
				GCC_PREPROCESSOR_DEFINITIONS = (
					"DEBUG=1",
					"$(inherited)",
				);
				GCC_WARN_64_TO_32_BIT_CONVERSION = YES;
				GCC_WARN_ABOUT_RETURN_TYPE = YES_ERROR;
				GCC_WARN_UNDECLARED_SELECTOR = YES;
				GCC_WARN_UNINITIALIZED_AUTOS = YES_AGGRESSIVE;
				GCC_WARN_UNUSED_FUNCTION = YES;
				GCC_WARN_UNUSED_VARIABLE = YES;
				IPHONEOS_DEPLOYMENT_TARGET = 17.0;
				LOCALIZATION_PREFERS_STRING_CATALOGS = YES;
				MTL_ENABLE_DEBUG_INFO = INCLUDE_SOURCE;
				MTL_FAST_MATH = YES;
				ONLY_ACTIVE_ARCH = YES;
				SDKROOT = iphoneos;
				SWIFT_ACTIVE_COMPILATION_CONDITIONS = "DEBUG $(inherited)";
				SWIFT_OPTIMIZATION_LEVEL = "-Onone";
				SWIFT_STRICT_CONCURRENCY = complete;
				SWIFT_VERSION = 6.0;
			};
			name = Debug;
		};
		C002 /* Release */ = {
			isa = XCBuildConfiguration;
			buildSettings = {
				ALWAYS_SEARCH_USER_PATHS = NO;
				ASSETCATALOG_COMPILER_GENERATE_SWIFT_ASSET_SYMBOL_EXTENSIONS = YES;
				CLANG_ANALYZER_NONNULL = YES;
				CLANG_ANALYZER_NUMBER_OBJECT_CONVERSION = YES_AGGRESSIVE;
				CLANG_CXX_LANGUAGE_STANDARD = "gnu++20";
				CLANG_ENABLE_MODULES = YES;
				CLANG_ENABLE_OBJC_ARC = YES;
				CLANG_ENABLE_OBJC_WEAK = YES;
				CLANG_WARN_BLOCK_CAPTURE_AUTORELEASING = YES;
				CLANG_WARN_BOOL_CONVERSION = YES;
				CLANG_WARN_COMMA = YES;
				CLANG_WARN_CONSTANT_CONVERSION = YES;
				CLANG_WARN_DEPRECATED_OBJC_IMPLEMENTATIONS = YES;
				CLANG_WARN_DIRECT_OBJC_ISA_USAGE = YES_ERROR;
				CLANG_WARN_DOCUMENTATION_COMMENTS = YES;
				CLANG_WARN_EMPTY_BODY = YES;
				CLANG_WARN_ENUM_CONVERSION = YES;
				CLANG_WARN_INFINITE_RECURSION = YES;
				CLANG_WARN_INT_CONVERSION = YES;
				CLANG_WARN_NON_LITERAL_NULL_CONVERSION = YES;
				CLANG_WARN_OBJC_IMPLICIT_RETAIN_SELF = YES;
				CLANG_WARN_OBJC_LITERAL_CONVERSION = YES;
				CLANG_WARN_OBJC_ROOT_CLASS = YES_ERROR;
				CLANG_WARN_QUOTED_INCLUDE_IN_FRAMEWORK_HEADER = YES;
				CLANG_WARN_RANGE_LOOP_ANALYSIS = YES;
				CLANG_WARN_STRICT_PROTOTYPES = YES;
				CLANG_WARN_SUSPICIOUS_MOVE = YES;
				CLANG_WARN_UNGUARDED_AVAILABILITY = YES_AGGRESSIVE;
				CLANG_WARN_UNREACHABLE_CODE = YES;
				CLANG_WARN__DUPLICATE_METHOD_MATCH = YES;
				COPY_PHASE_STRIP = NO;
				DEBUG_INFORMATION_FORMAT = "dwarf-with-dsym";
				ENABLE_NS_ASSERTIONS = NO;
				ENABLE_STRICT_OBJC_MSGSEND = YES;
				ENABLE_USER_SCRIPT_SANDBOXING = YES;
				GCC_C_LANGUAGE_STANDARD = gnu17;
				GCC_NO_COMMON_BLOCKS = YES;
				GCC_WARN_64_TO_32_BIT_CONVERSION = YES;
				GCC_WARN_ABOUT_RETURN_TYPE = YES_ERROR;
				GCC_WARN_UNDECLARED_SELECTOR = YES;
				GCC_WARN_UNINITIALIZED_AUTOS = YES_AGGRESSIVE;
				GCC_WARN_UNUSED_FUNCTION = YES;
				GCC_WARN_UNUSED_VARIABLE = YES;
				IPHONEOS_DEPLOYMENT_TARGET = 17.0;
				LOCALIZATION_PREFERS_STRING_CATALOGS = YES;
				MTL_FAST_MATH = YES;
				SDKROOT = iphoneos;
				SWIFT_COMPILATION_MODE = wholemodule;
				SWIFT_STRICT_CONCURRENCY = complete;
				SWIFT_VERSION = 6.0;
				VALIDATE_PRODUCT = YES;
			};
			name = Release;
		};
		C003 /* Debug */ = {
			isa = XCBuildConfiguration;
			buildSettings = {
				ASSETCATALOG_COMPILER_APPICON_NAME = AppIcon;
				ASSETCATALOG_COMPILER_GLOBAL_ACCENT_COLOR_NAME = AccentColor;
				CODE_SIGN_ENTITLEMENTS = MyHomeApp/MyHome.entitlements;
				CODE_SIGN_STYLE = Automatic;
				CURRENT_PROJECT_VERSION = 1;
				DEVELOPMENT_ASSET_PATHS = "";
				DEVELOPMENT_TEAM = H2XW7F4236;
				ENABLE_PREVIEWS = YES;
				GENERATE_INFOPLIST_FILE = NO;
				INFOPLIST_FILE = MyHomeApp/Info.plist;
				INFOPLIST_KEY_UIApplicationSceneManifest_Generation = YES;
				INFOPLIST_KEY_UIApplicationSupportsIndirectInputEvents = YES;
				INFOPLIST_KEY_UILaunchScreen_Generation = YES;
				INFOPLIST_KEY_UISupportedInterfaceOrientations_iPad = "UIInterfaceOrientationPortrait UIInterfaceOrientationPortraitUpsideDown UIInterfaceOrientationLandscapeLeft UIInterfaceOrientationLandscapeRight";
				INFOPLIST_KEY_UISupportedInterfaceOrientations_iPhone = "UIInterfaceOrientationPortrait UIInterfaceOrientationLandscapeLeft UIInterfaceOrientationLandscapeRight";
				IPHONEOS_DEPLOYMENT_TARGET = 17.0;
				LD_RUNPATH_SEARCH_PATHS = (
					"$(inherited)",
					"@executable_path/Frameworks",
				);
				MARKETING_VERSION = 1.0;
				PRODUCT_BUNDLE_IDENTIFIER = com.reojacob.myhome;
				PRODUCT_NAME = "$(TARGET_NAME)";
				SWIFT_EMIT_LOC_STRINGS = YES;
				SWIFT_STRICT_CONCURRENCY = complete;
				SWIFT_VERSION = 6.0;
				TARGETED_DEVICE_FAMILY = "1,2";
			};
			name = Debug;
		};
		C004 /* Release */ = {
			isa = XCBuildConfiguration;
			buildSettings = {
				ASSETCATALOG_COMPILER_APPICON_NAME = AppIcon;
				ASSETCATALOG_COMPILER_GLOBAL_ACCENT_COLOR_NAME = AccentColor;
				CODE_SIGN_ENTITLEMENTS = MyHomeApp/MyHome.entitlements;
				CODE_SIGN_STYLE = Automatic;
				CURRENT_PROJECT_VERSION = 1;
				DEVELOPMENT_ASSET_PATHS = "";
				DEVELOPMENT_TEAM = H2XW7F4236;
				ENABLE_PREVIEWS = YES;
				GENERATE_INFOPLIST_FILE = NO;
				INFOPLIST_FILE = MyHomeApp/Info.plist;
				INFOPLIST_KEY_UIApplicationSceneManifest_Generation = YES;
				INFOPLIST_KEY_UIApplicationSupportsIndirectInputEvents = YES;
				INFOPLIST_KEY_UILaunchScreen_Generation = YES;
				INFOPLIST_KEY_UISupportedInterfaceOrientations_iPad = "UIInterfaceOrientationPortrait UIInterfaceOrientationPortraitUpsideDown UIInterfaceOrientationLandscapeLeft UIInterfaceOrientationLandscapeRight";
				INFOPLIST_KEY_UISupportedInterfaceOrientations_iPhone = "UIInterfaceOrientationPortrait UIInterfaceOrientationLandscapeLeft UIInterfaceOrientationLandscapeRight";
				IPHONEOS_DEPLOYMENT_TARGET = 17.0;
				LD_RUNPATH_SEARCH_PATHS = (
					"$(inherited)",
					"@executable_path/Frameworks",
				);
				MARKETING_VERSION = 1.0;
				PRODUCT_BUNDLE_IDENTIFIER = com.reojacob.myhome;
				PRODUCT_NAME = "$(TARGET_NAME)";
				SWIFT_EMIT_LOC_STRINGS = YES;
				SWIFT_STRICT_CONCURRENCY = complete;
				SWIFT_VERSION = 6.0;
				TARGETED_DEVICE_FAMILY = "1,2";
			};
			name = Release;
		};
		C005 /* Debug */ = {
			isa = XCBuildConfiguration;
			buildSettings = {
				BUNDLE_LOADER = "$(TEST_HOST)";
				CODE_SIGN_STYLE = Automatic;
				CURRENT_PROJECT_VERSION = 1;
				GENERATE_INFOPLIST_FILE = YES;
				IPHONEOS_DEPLOYMENT_TARGET = 17.0;
				MARKETING_VERSION = 1.0;
				PRODUCT_BUNDLE_IDENTIFIER = com.reojacob.myhome.tests;
				PRODUCT_NAME = "$(TARGET_NAME)";
				SWIFT_EMIT_LOC_STRINGS = NO;
				SWIFT_STRICT_CONCURRENCY = complete;
				SWIFT_VERSION = 6.0;
				TARGETED_DEVICE_FAMILY = "1,2";
				TEST_HOST = "$(BUILT_PRODUCTS_DIR)/MyHome.app/$(BUNDLE_EXECUTABLE_FOLDER_PATH)/MyHome";
			};
			name = Debug;
		};
		C006 /* Release */ = {
			isa = XCBuildConfiguration;
			buildSettings = {
				BUNDLE_LOADER = "$(TEST_HOST)";
				CODE_SIGN_STYLE = Automatic;
				CURRENT_PROJECT_VERSION = 1;
				GENERATE_INFOPLIST_FILE = YES;
				IPHONEOS_DEPLOYMENT_TARGET = 17.0;
				MARKETING_VERSION = 1.0;
				PRODUCT_BUNDLE_IDENTIFIER = com.reojacob.myhome.tests;
				PRODUCT_NAME = "$(TARGET_NAME)";
				SWIFT_EMIT_LOC_STRINGS = NO;
				SWIFT_STRICT_CONCURRENCY = complete;
				SWIFT_VERSION = 6.0;
				TARGETED_DEVICE_FAMILY = "1,2";
				TEST_HOST = "$(BUILT_PRODUCTS_DIR)/MyHome.app/$(BUNDLE_EXECUTABLE_FOLDER_PATH)/MyHome";
			};
			name = Release;
		};
/* End XCBuildConfiguration section */

/* Begin XCConfigurationList section */
		XC000 /* Build configuration list for PBXProject "MyHome" */ = {
			isa = XCConfigurationList;
			buildConfigurations = (
				C001 /* Debug */,
				C002 /* Release */,
			);
			defaultConfigurationIsVisible = 0;
			defaultConfigurationName = Release;
		};
		XC001 /* Build configuration list for PBXNativeTarget "MyHome" */ = {
			isa = XCConfigurationList;
			buildConfigurations = (
				C003 /* Debug */,
				C004 /* Release */,
			);
			defaultConfigurationIsVisible = 0;
			defaultConfigurationName = Release;
		};
		XC002 /* Build configuration list for PBXNativeTarget "MyHomeTests" */ = {
			isa = XCConfigurationList;
			buildConfigurations = (
				C005 /* Debug */,
				C006 /* Release */,
			);
			defaultConfigurationIsVisible = 0;
			defaultConfigurationName = Release;
		};
/* End XCConfigurationList section */
	};
	rootObject = PROJ /* Project object */;
}
